// !$*UTF8*$!
{
	archiveVersion = 1;
	classes = {
	};
	objectVersion = 46;
	objects = {

/* Begin PBXBuildFile section */
		DB850A1C1E915E800004D642 /* AppDelegate.swift in Sources */ = {isa = PBXBuildFile; fileRef = DB850A1B1E915E800004D642 /* AppDelegate.swift */; };
		DB850A1E1E915E800004D642 /* ViewController.swift in Sources */ = {isa = PBXBuildFile; fileRef = DB850A1D1E915E800004D642 /* ViewController.swift */; };
		DB850A211E915E800004D642 /* Main.storyboard in Resources */ = {isa = PBXBuildFile; fileRef = DB850A1F1E915E800004D642 /* Main.storyboard */; };
		DB850A231E915E800004D642 /* Assets.xcassets in Resources */ = {isa = PBXBuildFile; fileRef = DB850A221E915E800004D642 /* Assets.xcassets */; };
		DB850A261E915E800004D642 /* LaunchScreen.storyboard in Resources */ = {isa = PBXBuildFile; fileRef = DB850A241E915E800004D642 /* LaunchScreen.storyboard */; };
		DB850A2E1E9160690004D642 /* GalleryItemCommentView.swift in Sources */ = {isa = PBXBuildFile; fileRef = DB850A2D1E9160690004D642 /* GalleryItemCommentView.swift */; };
		DB850A301E91611B0004D642 /* GalleryItemCollectionViewCell.swift in Sources */ = {isa = PBXBuildFile; fileRef = DB850A2F1E91611B0004D642 /* GalleryItemCollectionViewCell.swift */; };
		DB850A321E9162C50004D642 /* GalleryItem.swift in Sources */ = {isa = PBXBuildFile; fileRef = DB850A311E9162C50004D642 /* GalleryItem.swift */; };
		DB850A341E91659D0004D642 /* items.plist in Resources */ = {isa = PBXBuildFile; fileRef = DB850A331E91659D0004D642 /* items.plist */; };
/* End PBXBuildFile section */

/* Begin PBXFileReference section */
		DB850A181E915E800004D642 /* CollectionViewExample.app */ = {isa = PBXFileReference; explicitFileType = wrapper.application; includeInIndex = 0; path = CollectionViewExample.app; sourceTree = BUILT_PRODUCTS_DIR; };
		DB850A1B1E915E800004D642 /* AppDelegate.swift */ = {isa = PBXFileReference; lastKnownFileType = sourcecode.swift; path = AppDelegate.swift; sourceTree = "<group>"; };
		DB850A1D1E915E800004D642 /* ViewController.swift */ = {isa = PBXFileReference; lastKnownFileType = sourcecode.swift; path = ViewController.swift; sourceTree = "<group>"; };
		DB850A201E915E800004D642 /* Base */ = {isa = PBXFileReference; lastKnownFileType = file.storyboard; name = Base; path = Base.lproj/Main.storyboard; sourceTree = "<group>"; };
		DB850A221E915E800004D642 /* Assets.xcassets */ = {isa = PBXFileReference; lastKnownFileType = folder.assetcatalog; path = Assets.xcassets; sourceTree = "<group>"; };
		DB850A251E915E800004D642 /* Base */ = {isa = PBXFileReference; lastKnownFileType = file.storyboard; name = Base; path = Base.lproj/LaunchScreen.storyboard; sourceTree = "<group>"; };
		DB850A271E915E800004D642 /* Info.plist */ = {isa = PBXFileReference; lastKnownFileType = text.plist.xml; path = Info.plist; sourceTree = "<group>"; };
		DB850A2D1E9160690004D642 /* GalleryItemCommentView.swift */ = {isa = PBXFileReference; fileEncoding = 4; lastKnownFileType = sourcecode.swift; path = GalleryItemCommentView.swift; sourceTree = "<group>"; };
		DB850A2F1E91611B0004D642 /* GalleryItemCollectionViewCell.swift */ = {isa = PBXFileReference; fileEncoding = 4; lastKnownFileType = sourcecode.swift; path = GalleryItemCollectionViewCell.swift; sourceTree = "<group>"; };
		DB850A311E9162C50004D642 /* GalleryItem.swift */ = {isa = PBXFileReference; fileEncoding = 4; lastKnownFileType = sourcecode.swift; path = GalleryItem.swift; sourceTree = "<group>"; };
		DB850A331E91659D0004D642 /* items.plist */ = {isa = PBXFileReference; fileEncoding = 4; lastKnownFileType = text.plist.xml; path = items.plist; sourceTree = "<group>"; };
/* End PBXFileReference section */

/* Begin PBXFrameworksBuildPhase section */
		DB850A151E915E800004D642 /* Frameworks */ = {
			isa = PBXFrameworksBuildPhase;
			buildActionMask = 2147483647;
			files = (
			);
			runOnlyForDeploymentPostprocessing = 0;
		};
/* End PBXFrameworksBuildPhase section */

/* Begin PBXGroup section */
		DB850A0F1E915E800004D642 = {
			isa = PBXGroup;
			children = (
				DB850A1A1E915E800004D642 /* CollectionViewExample */,
				DB850A191E915E800004D642 /* Products */,
			);
			sourceTree = "<group>";
		};
		DB850A191E915E800004D642 /* Products */ = {
			isa = PBXGroup;
			children = (
				DB850A181E915E800004D642 /* CollectionViewExample.app */,
			);
			name = Products;
			sourceTree = "<group>";
		};
		DB850A1A1E915E800004D642 /* CollectionViewExample */ = {
			isa = PBXGroup;
			children = (
				DB850A1B1E915E800004D642 /* AppDelegate.swift */,
				DB850A1D1E915E800004D642 /* ViewController.swift */,
				DB850A1F1E915E800004D642 /* Main.storyboard */,
				DB850A221E915E800004D642 /* Assets.xcassets */,
				DB850A331E91659D0004D642 /* items.plist */,
				DB850A241E915E800004D642 /* LaunchScreen.storyboard */,
				DB850A271E915E800004D642 /* Info.plist */,
				DB850A2D1E9160690004D642 /* GalleryItemCommentView.swift */,
				DB850A2F1E91611B0004D642 /* GalleryItemCollectionViewCell.swift */,
				DB850A311E9162C50004D642 /* GalleryItem.swift */,
			);
			path = CollectionViewExample;
			sourceTree = "<group>";
		};
/* End PBXGroup section */

/* Begin PBXNativeTarget section */
		DB850A171E915E800004D642 /* CollectionViewExample */ = {
			isa = PBXNativeTarget;
			buildConfigurationList = DB850A2A1E915E800004D642 /* Build configuration list for PBXNativeTarget "CollectionViewExample" */;
			buildPhases = (
				DB850A141E915E800004D642 /* Sources */,
				DB850A151E915E800004D642 /* Frameworks */,
				DB850A161E915E800004D642 /* Resources */,
			);
			buildRules = (
			);
			dependencies = (
			);
			name = CollectionViewExample;
			productName = CollectionViewExample;
			productReference = DB850A181E915E800004D642 /* CollectionViewExample.app */;
			productType = "com.apple.product-type.application";
		};
/* End PBXNativeTarget section */

/* Begin PBXProject section */
		DB850A101E915E800004D642 /* Project object */ = {
			isa = PBXProject;
			attributes = {
				LastSwiftUpdateCheck = 0830;
				LastUpgradeCheck = 0830;
				ORGANIZATIONNAME = "Jun woo Park";
				TargetAttributes = {
					DB850A171E915E800004D642 = {
						CreatedOnToolsVersion = 8.3;
						DevelopmentTeam = TM6U8P8E5J;
						ProvisioningStyle = Automatic;
					};
				};
			};
			buildConfigurationList = DB850A131E915E800004D642 /* Build configuration list for PBXProject "CollectionViewExample" */;
			compatibilityVersion = "Xcode 3.2";
			developmentRegion = English;
			hasScannedForEncodings = 0;
			knownRegions = (
				en,
				Base,
			);
			mainGroup = DB850A0F1E915E800004D642;
			productRefGroup = DB850A191E915E800004D642 /* Products */;
			projectDirPath = "";
			projectRoot = "";
			targets = (
				DB850A171E915E800004D642 /* CollectionViewExample */,
			);
		};
/* End PBXProject section */

/* Begin PBXResourcesBuildPhase section */
		DB850A161E915E800004D642 /* Resources */ = {
			isa = PBXResourcesBuildPhase;
			buildActionMask = 2147483647;
			files = (
				DB850A261E915E800004D642 /* LaunchScreen.storyboard in Resources */,
				DB850A231E915E800004D642 /* Assets.xcassets in Resources */,
				DB850A211E915E800004D642 /* Main.storyboard in Resources */,
				DB850A341E91659D0004D642 /* items.plist in Resources */,
			);
			runOnlyForDeploymentPostprocessing = 0;
		};
/* End PBXResourcesBuildPhase section */

/* Begin PBXSourcesBuildPhase section */
		DB850A141E915E800004D642 /* Sources */ = {
			isa = PBXSourcesBuildPhase;
			buildActionMask = 2147483647;
			files = (
				DB850A321E9162C50004D642 /* GalleryItem.swift in Sources */,
				DB850A301E91611B0004D642 /* GalleryItemCollectionViewCell.swift in Sources */,
				DB850A1E1E915E800004D642 /* ViewController.swift in Sources */,
				DB850A1C1E915E800004D642 /* AppDelegate.swift in Sources */,
				DB850A2E1E9160690004D642 /* GalleryItemCommentView.swift in Sources */,
			);
			runOnlyForDeploymentPostprocessing = 0;
		};
/* End PBXSourcesBuildPhase section */

/* Begin PBXVariantGroup section */
		DB850A1F1E915E800004D642 /* Main.storyboard */ = {
			isa = PBXVariantGroup;
			children = (
				DB850A201E915E800004D642 /* Base */,
			);
			name = Main.storyboard;
			sourceTree = "<group>";
		};
		DB850A241E915E800004D642 /* LaunchScreen.storyboard */ = {
			isa = PBXVariantGroup;
			children = (
				DB850A251E915E800004D642 /* Base */,
			);
			name = LaunchScreen.storyboard;
			sourceTree = "<group>";
		};
/* End PBXVariantGroup section */

/* Begin XCBuildConfiguration section */
		DB850A281E915E800004D642 /* Debug */ = {
			isa = XCBuildConfiguration;
			buildSettings = {
				ALWAYS_SEARCH_USER_PATHS = NO;
				CLANG_ANALYZER_NONNULL = YES;
				CLANG_ANALYZER_NUMBER_OBJECT_CONVERSION = YES_AGGRESSIVE;
				CLANG_CXX_LANGUAGE_STANDARD = "gnu++0x";
				CLANG_CXX_LIBRARY = "libc++";
				CLANG_ENABLE_MODULES = YES;
				CLANG_ENABLE_OBJC_ARC = YES;
				CLANG_WARN_BOOL_CONVERSION = YES;
				CLANG_WARN_CONSTANT_CONVERSION = YES;
				CLANG_WARN_DIRECT_OBJC_ISA_USAGE = YES_ERROR;
				CLANG_WARN_DOCUMENTATION_COMMENTS = YES;
				CLANG_WARN_EMPTY_BODY = YES;
				CLANG_WARN_ENUM_CONVERSION = YES;
				CLANG_WARN_INFINITE_RECURSION = YES;
				CLANG_WARN_INT_CONVERSION = YES;
				CLANG_WARN_OBJC_ROOT_CLASS = YES_ERROR;
				CLANG_WARN_SUSPICIOUS_MOVE = YES;
				CLANG_WARN_UNREACHABLE_CODE = YES;
				CLANG_WARN__DUPLICATE_METHOD_MATCH = YES;
				"CODE_SIGN_IDENTITY[sdk=iphoneos*]" = "iPhone Developer";
				COPY_PHASE_STRIP = NO;
				DEBUG_INFORMATION_FORMAT = dwarf;
				ENABLE_STRICT_OBJC_MSGSEND = YES;
				ENABLE_TESTABILITY = YES;
				GCC_C_LANGUAGE_STANDARD = gnu99;
				GCC_DYNAMIC_NO_PIC = NO;
				GCC_NO_COMMON_BLOCKS = YES;
				GCC_OPTIMIZATION_LEVEL = 0;
				GCC_PREPROCESSOR_DEFINITIONS = (
					"DEBUG=1",
					"$(inherited)",
				);
				GCC_WARN_64_TO_32_BIT_CONVERSION = YES;
				GCC_WARN_ABOUT_RETURN_TYPE = YES_ERROR;
				GCC_WARN_UNDECLARED_SELECTOR = YES;
				GCC_WARN_UNINITIALIZED_AUTOS = YES_AGGRESSIVE;
				GCC_WARN_UNUSED_FUNCTION = YES;
				GCC_WARN_UNUSED_VARIABLE = YES;
				IPHONEOS_DEPLOYMENT_TARGET = 10.3;
				MTL_ENABLE_DEBUG_INFO = YES;
				ONLY_ACTIVE_ARCH = YES;
				SDKROOT = iphoneos;
				SWIFT_ACTIVE_COMPILATION_CONDITIONS = DEBUG;
				SWIFT_OPTIMIZATION_LEVEL = "-Onone";
				TARGETED_DEVICE_FAMILY = "1,2";
			};
			name = Debug;
		};
		DB850A291E915E800004D642 /* Release */ = {
			isa = XCBuildConfiguration;
			buildSettings = {
				ALWAYS_SEARCH_USER_PATHS = NO;
				CLANG_ANALYZER_NONNULL = YES;
				CLANG_ANALYZER_NUMBER_OBJECT_CONVERSION = YES_AGGRESSIVE;
				CLANG_CXX_LANGUAGE_STANDARD = "gnu++0x";
				CLANG_CXX_LIBRARY = "libc++";
				CLANG_ENABLE_MODULES = YES;
				CLANG_ENABLE_OBJC_ARC = YES;
				CLANG_WARN_BOOL_CONVERSION = YES;
				CLANG_WARN_CONSTANT_CONVERSION = YES;
				CLANG_WARN_DIRECT_OBJC_ISA_USAGE = YES_ERROR;
				CLANG_WARN_DOCUMENTATION_COMMENTS = YES;
				CLANG_WARN_EMPTY_BODY = YES;
				CLANG_WARN_ENUM_CONVERSION = YES;
				CLANG_WARN_INFINITE_RECURSION = YES;
				CLANG_WARN_INT_CONVERSION = YES;
				CLANG_WARN_OBJC_ROOT_CLASS = YES_ERROR;
				CLANG_WARN_SUSPICIOUS_MOVE = YES;
				CLANG_WARN_UNREACHABLE_CODE = YES;
				CLANG_WARN__DUPLICATE_METHOD_MATCH = YES;
				"CODE_SIGN_IDENTITY[sdk=iphoneos*]" = "iPhone Developer";
				COPY_PHASE_STRIP = NO;
				DEBUG_INFORMATION_FORMAT = "dwarf-with-dsym";
				ENABLE_NS_ASSERTIONS = NO;
				ENABLE_STRICT_OBJC_MSGSEND = YES;
				GCC_C_LANGUAGE_STANDARD = gnu99;
				GCC_NO_COMMON_BLOCKS = YES;
				GCC_WARN_64_TO_32_BIT_CONVERSION = YES;
				GCC_WARN_ABOUT_RETURN_TYPE = YES_ERROR;
				GCC_WARN_UNDECLARED_SELECTOR = YES;
				GCC_WARN_UNINITIALIZED_AUTOS = YES_AGGRESSIVE;
				GCC_WARN_UNUSED_FUNCTION = YES;
				GCC_WARN_UNUSED_VARIABLE = YES;
				IPHONEOS_DEPLOYMENT_TARGET = 10.3;
				MTL_ENABLE_DEBUG_INFO = NO;
				SDKROOT = iphoneos;
				SWIFT_OPTIMIZATION_LEVEL = "-Owholemodule";
				TARGETED_DEVICE_FAMILY = "1,2";
				VALIDATE_PRODUCT = YES;
			};
			name = Release;
		};
		DB850A2B1E915E800004D642 /* Debug */ = {
			isa = XCBuildConfiguration;
			buildSettings = {
				ASSETCATALOG_COMPILER_APPICON_NAME = AppIcon;
				DEVELOPMENT_TEAM = TM6U8P8E5J;
				INFOPLIST_FILE = CollectionViewExample/Info.plist;
				LD_RUNPATH_SEARCH_PATHS = "$(inherited) @executable_path/Frameworks";
				PRODUCT_BUNDLE_IDENTIFIER = codesquad.kr.CollectionViewExample;
				PRODUCT_NAME = "$(TARGET_NAME)";
				SWIFT_VERSION = 3.0;
			};
			name = Debug;
		};
		DB850A2C1E915E800004D642 /* Release */ = {
			isa = XCBuildConfiguration;
			buildSettings = {
				ASSETCATALOG_COMPILER_APPICON_NAME = AppIcon;
				DEVELOPMENT_TEAM = TM6U8P8E5J;
				INFOPLIST_FILE = CollectionViewExample/Info.plist;
				LD_RUNPATH_SEARCH_PATHS = "$(inherited) @executable_path/Frameworks";
				PRODUCT_BUNDLE_IDENTIFIER = codesquad.kr.CollectionViewExample;
				PRODUCT_NAME = "$(TARGET_NAME)";
				SWIFT_VERSION = 3.0;
			};
			name = Release;
		};
/* End XCBuildConfiguration section */

/* Begin XCConfigurationList section */
		DB850A131E915E800004D642 /* Build configuration list for PBXProject "CollectionViewExample" */ = {
			isa = XCConfigurationList;
			buildConfigurations = (
				DB850A281E915E800004D642 /* Debug */,
				DB850A291E915E800004D642 /* Release */,
			);
			defaultConfigurationIsVisible = 0;
			defaultConfigurationName = Release;
		};
		DB850A2A1E915E800004D642 /* Build configuration list for PBXNativeTarget "CollectionViewExample" */ = {
			isa = XCConfigurationList;
			buildConfigurations = (
				DB850A2B1E915E800004D642 /* Debug */,
				DB850A2C1E915E800004D642 /* Release */,
			);
			defaultConfigurationIsVisible = 0;
		};
/* End XCConfigurationList section */
	};
	rootObject = DB850A101E915E800004D642 /* Project object */;
}
