// !$*UTF8*$!
{
	archiveVersion = 1;
	classes = {
	};
	objectVersion = 46;
	objects = {

/* Begin PBXBuildFile section */
		DBD3C72A1E9CD3960026E597 /* AppDelegate.swift in Sources */ = {isa = PBXBuildFile; fileRef = DBD3C7291E9CD3960026E597 /* AppDelegate.swift */; };
		DBD3C72C1E9CD3960026E597 /* MainVC.swift in Sources */ = {isa = PBXBuildFile; fileRef = DBD3C72B1E9CD3960026E597 /* MainVC.swift */; };
		DBD3C72F1E9CD3960026E597 /* Main.storyboard in Resources */ = {isa = PBXBuildFile; fileRef = DBD3C72D1E9CD3960026E597 /* Main.storyboard */; };
		DBD3C7311E9CD3960026E597 /* Assets.xcassets in Resources */ = {isa = PBXBuildFile; fileRef = DBD3C7301E9CD3960026E597 /* Assets.xcassets */; };
		DBD3C7341E9CD3960026E597 /* LaunchScreen.storyboard in Resources */ = {isa = PBXBuildFile; fileRef = DBD3C7321E9CD3960026E597 /* LaunchScreen.storyboard */; };
		DBD3C73F1E9CDB7B0026E597 /* VideoVC.swift in Sources */ = {isa = PBXBuildFile; fileRef = DBD3C73E1E9CDB7B0026E597 /* VideoVC.swift */; };
		DBD3C7411E9E358F0026E597 /* PartyCell.swift in Sources */ = {isa = PBXBuildFile; fileRef = DBD3C7401E9E358F0026E597 /* PartyCell.swift */; };
/* End PBXBuildFile section */

/* Begin PBXFileReference section */
		DBD3C7261E9CD3960026E597 /* PartyRockApp.app */ = {isa = PBXFileReference; explicitFileType = wrapper.application; includeInIndex = 0; path = PartyRockApp.app; sourceTree = BUILT_PRODUCTS_DIR; };
		DBD3C7291E9CD3960026E597 /* AppDelegate.swift */ = {isa = PBXFileReference; lastKnownFileType = sourcecode.swift; path = AppDelegate.swift; sourceTree = "<group>"; };
		DBD3C72B1E9CD3960026E597 /* MainVC.swift */ = {isa = PBXFileReference; lastKnownFileType = sourcecode.swift; path = MainVC.swift; sourceTree = "<group>"; };
		DBD3C72E1E9CD3960026E597 /* Base */ = {isa = PBXFileReference; lastKnownFileType = file.storyboard; name = Base; path = Base.lproj/Main.storyboard; sourceTree = "<group>"; };
		DBD3C7301E9CD3960026E597 /* Assets.xcassets */ = {isa = PBXFileReference; lastKnownFileType = folder.assetcatalog; path = Assets.xcassets; sourceTree = "<group>"; };
		DBD3C7331E9CD3960026E597 /* Base */ = {isa = PBXFileReference; lastKnownFileType = file.storyboard; name = Base; path = Base.lproj/LaunchScreen.storyboard; sourceTree = "<group>"; };
		DBD3C7351E9CD3960026E597 /* Info.plist */ = {isa = PBXFileReference; lastKnownFileType = text.plist.xml; path = Info.plist; sourceTree = "<group>"; };
		DBD3C73E1E9CDB7B0026E597 /* VideoVC.swift */ = {isa = PBXFileReference; fileEncoding = 4; lastKnownFileType = sourcecode.swift; path = VideoVC.swift; sourceTree = "<group>"; };
		DBD3C7401E9E358F0026E597 /* PartyCell.swift */ = {isa = PBXFileReference; fileEncoding = 4; lastKnownFileType = sourcecode.swift; path = PartyCell.swift; sourceTree = "<group>"; };
/* End PBXFileReference section */

/* Begin PBXFrameworksBuildPhase section */
		DBD3C7231E9CD3960026E597 /* Frameworks */ = {
			isa = PBXFrameworksBuildPhase;
			buildActionMask = 2147483647;
			files = (
			);
			runOnlyForDeploymentPostprocessing = 0;
		};
/* End PBXFrameworksBuildPhase section */

/* Begin PBXGroup section */
		DBD3C71D1E9CD3960026E597 = {
			isa = PBXGroup;
			children = (
				DBD3C7281E9CD3960026E597 /* PartyRockApp */,
				DBD3C7271E9CD3960026E597 /* Products */,
			);
			sourceTree = "<group>";
		};
		DBD3C7271E9CD3960026E597 /* Products */ = {
			isa = PBXGroup;
			children = (
				DBD3C7261E9CD3960026E597 /* PartyRockApp.app */,
			);
			name = Products;
			sourceTree = "<group>";
		};
		DBD3C7281E9CD3960026E597 /* PartyRockApp */ = {
			isa = PBXGroup;
			children = (
				DBD3C73C1E9CD4370026E597 /* Model */,
				DBD3C73D1E9CD43E0026E597 /* View */,
				DBD3C73B1E9CD4000026E597 /* Controller */,
				DBD3C7291E9CD3960026E597 /* AppDelegate.swift */,
				DBD3C72D1E9CD3960026E597 /* Main.storyboard */,
				DBD3C7301E9CD3960026E597 /* Assets.xcassets */,
				DBD3C7321E9CD3960026E597 /* LaunchScreen.storyboard */,
				DBD3C7351E9CD3960026E597 /* Info.plist */,
			);
			path = PartyRockApp;
			sourceTree = "<group>";
		};
		DBD3C73B1E9CD4000026E597 /* Controller */ = {
			isa = PBXGroup;
			children = (
				DBD3C72B1E9CD3960026E597 /* MainVC.swift */,
				DBD3C73E1E9CDB7B0026E597 /* VideoVC.swift */,
			);
			name = Controller;
			sourceTree = "<group>";
		};
		DBD3C73C1E9CD4370026E597 /* Model */ = {
			isa = PBXGroup;
			children = (
			);
			name = Model;
			sourceTree = "<group>";
		};
		DBD3C73D1E9CD43E0026E597 /* View */ = {
			isa = PBXGroup;
			children = (
				DBD3C7401E9E358F0026E597 /* PartyCell.swift */,
			);
			name = View;
			sourceTree = "<group>";
		};
/* End PBXGroup section */

/* Begin PBXNativeTarget section */
		DBD3C7251E9CD3960026E597 /* PartyRockApp */ = {
			isa = PBXNativeTarget;
			buildConfigurationList = DBD3C7381E9CD3960026E597 /* Build configuration list for PBXNativeTarget "PartyRockApp" */;
			buildPhases = (
				DBD3C7221E9CD3960026E597 /* Sources */,
				DBD3C7231E9CD3960026E597 /* Frameworks */,
				DBD3C7241E9CD3960026E597 /* Resources */,
			);
			buildRules = (
			);
			dependencies = (
			);
			name = PartyRockApp;
			productName = PartyRockApp;
			productReference = DBD3C7261E9CD3960026E597 /* PartyRockApp.app */;
			productType = "com.apple.product-type.application";
		};
/* End PBXNativeTarget section */

/* Begin PBXProject section */
		DBD3C71E1E9CD3960026E597 /* Project object */ = {
			isa = PBXProject;
			attributes = {
				LastSwiftUpdateCheck = 0830;
				LastUpgradeCheck = 0830;
				ORGANIZATIONNAME = "Jun woo Park";
				TargetAttributes = {
					DBD3C7251E9CD3960026E597 = {
						CreatedOnToolsVersion = 8.3.1;
						DevelopmentTeam = TM6U8P8E5J;
						ProvisioningStyle = Automatic;
					};
				};
			};
			buildConfigurationList = DBD3C7211E9CD3960026E597 /* Build configuration list for PBXProject "PartyRockApp" */;
			compatibilityVersion = "Xcode 3.2";
			developmentRegion = English;
			hasScannedForEncodings = 0;
			knownRegions = (
				en,
				Base,
			);
			mainGroup = DBD3C71D1E9CD3960026E597;
			productRefGroup = DBD3C7271E9CD3960026E597 /* Products */;
			projectDirPath = "";
			projectRoot = "";
			targets = (
				DBD3C7251E9CD3960026E597 /* PartyRockApp */,
			);
		};
/* End PBXProject section */

/* Begin PBXResourcesBuildPhase section */
		DBD3C7241E9CD3960026E597 /* Resources */ = {
			isa = PBXResourcesBuildPhase;
			buildActionMask = 2147483647;
			files = (
				DBD3C7341E9CD3960026E597 /* LaunchScreen.storyboard in Resources */,
				DBD3C7311E9CD3960026E597 /* Assets.xcassets in Resources */,
				DBD3C72F1E9CD3960026E597 /* Main.storyboard in Resources */,
			);
			runOnlyForDeploymentPostprocessing = 0;
		};
/* End PBXResourcesBuildPhase section */

/* Begin PBXSourcesBuildPhase section */
		DBD3C7221E9CD3960026E597 /* Sources */ = {
			isa = PBXSourcesBuildPhase;
			buildActionMask = 2147483647;
			files = (
				DBD3C73F1E9CDB7B0026E597 /* VideoVC.swift in Sources */,
				DBD3C72C1E9CD3960026E597 /* MainVC.swift in Sources */,
				DBD3C7411E9E358F0026E597 /* PartyCell.swift in Sources */,
				DBD3C72A1E9CD3960026E597 /* AppDelegate.swift in Sources */,
			);
			runOnlyForDeploymentPostprocessing = 0;
		};
/* End PBXSourcesBuildPhase section */

/* Begin PBXVariantGroup section */
		DBD3C72D1E9CD3960026E597 /* Main.storyboard */ = {
			isa = PBXVariantGroup;
			children = (
				DBD3C72E1E9CD3960026E597 /* Base */,
			);
			name = Main.storyboard;
			sourceTree = "<group>";
		};
		DBD3C7321E9CD3960026E597 /* LaunchScreen.storyboard */ = {
			isa = PBXVariantGroup;
			children = (
				DBD3C7331E9CD3960026E597 /* Base */,
			);
			name = LaunchScreen.storyboard;
			sourceTree = "<group>";
		};
/* End PBXVariantGroup section */

/* Begin XCBuildConfiguration section */
		DBD3C7361E9CD3960026E597 /* Debug */ = {
			isa = XCBuildConfiguration;
			buildSettings = {
				ALWAYS_SEARCH_USER_PATHS = NO;
				CLANG_ANALYZER_NONNULL = YES;
				CLANG_ANALYZER_NUMBER_OBJECT_CONVERSION = YES_AGGRESSIVE;
				CLANG_CXX_LANGUAGE_STANDARD = "gnu++0x";
				CLANG_CXX_LIBRARY = "libc++";
				CLANG_ENABLE_MODULES = YES;
				CLANG_ENABLE_OBJC_ARC = YES;
				CLANG_WARN_BOOL_CONVERSION = YES;
				CLANG_WARN_CONSTANT_CONVERSION = YES;
				CLANG_WARN_DIRECT_OBJC_ISA_USAGE = YES_ERROR;
				CLANG_WARN_DOCUMENTATION_COMMENTS = YES;
				CLANG_WARN_EMPTY_BODY = YES;
				CLANG_WARN_ENUM_CONVERSION = YES;
				CLANG_WARN_INFINITE_RECURSION = YES;
				CLANG_WARN_INT_CONVERSION = YES;
				CLANG_WARN_OBJC_ROOT_CLASS = YES_ERROR;
				CLANG_WARN_SUSPICIOUS_MOVE = YES;
				CLANG_WARN_UNREACHABLE_CODE = YES;
				CLANG_WARN__DUPLICATE_METHOD_MATCH = YES;
				"CODE_SIGN_IDENTITY[sdk=iphoneos*]" = "iPhone Developer";
				COPY_PHASE_STRIP = NO;
				DEBUG_INFORMATION_FORMAT = dwarf;
				ENABLE_STRICT_OBJC_MSGSEND = YES;
				ENABLE_TESTABILITY = YES;
				GCC_C_LANGUAGE_STANDARD = gnu99;
				GCC_DYNAMIC_NO_PIC = NO;
				GCC_NO_COMMON_BLOCKS = YES;
				GCC_OPTIMIZATION_LEVEL = 0;
				GCC_PREPROCESSOR_DEFINITIONS = (
					"DEBUG=1",
					"$(inherited)",
				);
				GCC_WARN_64_TO_32_BIT_CONVERSION = YES;
				GCC_WARN_ABOUT_RETURN_TYPE = YES_ERROR;
				GCC_WARN_UNDECLARED_SELECTOR = YES;
				GCC_WARN_UNINITIALIZED_AUTOS = YES_AGGRESSIVE;
				GCC_WARN_UNUSED_FUNCTION = YES;
				GCC_WARN_UNUSED_VARIABLE = YES;
				IPHONEOS_DEPLOYMENT_TARGET = 10.3;
				MTL_ENABLE_DEBUG_INFO = YES;
				ONLY_ACTIVE_ARCH = YES;
				SDKROOT = iphoneos;
				SWIFT_ACTIVE_COMPILATION_CONDITIONS = DEBUG;
				SWIFT_OPTIMIZATION_LEVEL = "-Onone";
				TARGETED_DEVICE_FAMILY = "1,2";
			};
			name = Debug;
		};
		DBD3C7371E9CD3960026E597 /* Release */ = {
			isa = XCBuildConfiguration;
			buildSettings = {
				ALWAYS_SEARCH_USER_PATHS = NO;
				CLANG_ANALYZER_NONNULL = YES;
				CLANG_ANALYZER_NUMBER_OBJECT_CONVERSION = YES_AGGRESSIVE;
				CLANG_CXX_LANGUAGE_STANDARD = "gnu++0x";
				CLANG_CXX_LIBRARY = "libc++";
				CLANG_ENABLE_MODULES = YES;
				CLANG_ENABLE_OBJC_ARC = YES;
				CLANG_WARN_BOOL_CONVERSION = YES;
				CLANG_WARN_CONSTANT_CONVERSION = YES;
				CLANG_WARN_DIRECT_OBJC_ISA_USAGE = YES_ERROR;
				CLANG_WARN_DOCUMENTATION_COMMENTS = YES;
				CLANG_WARN_EMPTY_BODY = YES;
				CLANG_WARN_ENUM_CONVERSION = YES;
				CLANG_WARN_INFINITE_RECURSION = YES;
				CLANG_WARN_INT_CONVERSION = YES;
				CLANG_WARN_OBJC_ROOT_CLASS = YES_ERROR;
				CLANG_WARN_SUSPICIOUS_MOVE = YES;
				CLANG_WARN_UNREACHABLE_CODE = YES;
				CLANG_WARN__DUPLICATE_METHOD_MATCH = YES;
				"CODE_SIGN_IDENTITY[sdk=iphoneos*]" = "iPhone Developer";
				COPY_PHASE_STRIP = NO;
				DEBUG_INFORMATION_FORMAT = "dwarf-with-dsym";
				ENABLE_NS_ASSERTIONS = NO;
				ENABLE_STRICT_OBJC_MSGSEND = YES;
				GCC_C_LANGUAGE_STANDARD = gnu99;
				GCC_NO_COMMON_BLOCKS = YES;
				GCC_WARN_64_TO_32_BIT_CONVERSION = YES;
				GCC_WARN_ABOUT_RETURN_TYPE = YES_ERROR;
				GCC_WARN_UNDECLARED_SELECTOR = YES;
				GCC_WARN_UNINITIALIZED_AUTOS = YES_AGGRESSIVE;
				GCC_WARN_UNUSED_FUNCTION = YES;
				GCC_WARN_UNUSED_VARIABLE = YES;
				IPHONEOS_DEPLOYMENT_TARGET = 10.3;
				MTL_ENABLE_DEBUG_INFO = NO;
				SDKROOT = iphoneos;
				SWIFT_OPTIMIZATION_LEVEL = "-Owholemodule";
				TARGETED_DEVICE_FAMILY = "1,2";
				VALIDATE_PRODUCT = YES;
			};
			name = Release;
		};
		DBD3C7391E9CD3960026E597 /* Debug */ = {
			isa = XCBuildConfiguration;
			buildSettings = {
				ASSETCATALOG_COMPILER_APPICON_NAME = AppIcon;
				DEVELOPMENT_TEAM = TM6U8P8E5J;
				INFOPLIST_FILE = PartyRockApp/Info.plist;
				LD_RUNPATH_SEARCH_PATHS = "$(inherited) @executable_path/Frameworks";
				PRODUCT_BUNDLE_IDENTIFIER = codesquad.kr;
				PRODUCT_NAME = "$(TARGET_NAME)";
				SWIFT_VERSION = 3.0;
			};
			name = Debug;
		};
		DBD3C73A1E9CD3960026E597 /* Release */ = {
			isa = XCBuildConfiguration;
			buildSettings = {
				ASSETCATALOG_COMPILER_APPICON_NAME = AppIcon;
				DEVELOPMENT_TEAM = TM6U8P8E5J;
				INFOPLIST_FILE = PartyRockApp/Info.plist;
				LD_RUNPATH_SEARCH_PATHS = "$(inherited) @executable_path/Frameworks";
				PRODUCT_BUNDLE_IDENTIFIER = codesquad.kr;
				PRODUCT_NAME = "$(TARGET_NAME)";
				SWIFT_VERSION = 3.0;
			};
			name = Release;
		};
/* End XCBuildConfiguration section */

/* Begin XCConfigurationList section */
		DBD3C7211E9CD3960026E597 /* Build configuration list for PBXProject "PartyRockApp" */ = {
			isa = XCConfigurationList;
			buildConfigurations = (
				DBD3C7361E9CD3960026E597 /* Debug */,
				DBD3C7371E9CD3960026E597 /* Release */,
			);
			defaultConfigurationIsVisible = 0;
			defaultConfigurationName = Release;
		};
		DBD3C7381E9CD3960026E597 /* Build configuration list for PBXNativeTarget "PartyRockApp" */ = {
			isa = XCConfigurationList;
			buildConfigurations = (
				DBD3C7391E9CD3960026E597 /* Debug */,
				DBD3C73A1E9CD3960026E597 /* Release */,
			);
			defaultConfigurationIsVisible = 0;
			defaultConfigurationName = Release;
		};
/* End XCConfigurationList section */
	};
	rootObject = DBD3C71E1E9CD3960026E597 /* Project object */;
}
