// !$*UTF8*$!
{
	archiveVersion = 1;
	classes = {
	};
	objectVersion = 46;
	objects = {

/* Begin PBXBuildFile section */
		DBEBDF121E78E8E9005D88CA /* main.swift in Sources */ = {isa = PBXBuildFile; fileRef = DBEBDF111E78E8E9005D88CA /* main.swift */; };
		DBEBDF191E78E904005D88CA /* pen.swift in Sources */ = {isa = PBXBuildFile; fileRef = DBEBDF181E78E904005D88CA /* pen.swift */; };
		DBEBDF1B1E78E918005D88CA /* penholder.swift in Sources */ = {isa = PBXBuildFile; fileRef = DBEBDF1A1E78E918005D88CA /* penholder.swift */; };
/* End PBXBuildFile section */

/* Begin PBXCopyFilesBuildPhase section */
		DBEBDF0C1E78E8E9005D88CA /* CopyFiles */ = {
			isa = PBXCopyFilesBuildPhase;
			buildActionMask = 2147483647;
			dstPath = /usr/share/man/man1/;
			dstSubfolderSpec = 0;
			files = (
			);
			runOnlyForDeploymentPostprocessing = 1;
		};
/* End PBXCopyFilesBuildPhase section */

/* Begin PBXFileReference section */
		DBEBDF0E1E78E8E9005D88CA /* pen */ = {isa = PBXFileReference; explicitFileType = "compiled.mach-o.executable"; includeInIndex = 0; path = pen; sourceTree = BUILT_PRODUCTS_DIR; };
		DBEBDF111E78E8E9005D88CA /* main.swift */ = {isa = PBXFileReference; lastKnownFileType = sourcecode.swift; path = main.swift; sourceTree = "<group>"; };
		DBEBDF181E78E904005D88CA /* pen.swift */ = {isa = PBXFileReference; fileEncoding = 4; lastKnownFileType = sourcecode.swift; path = pen.swift; sourceTree = "<group>"; };
		DBEBDF1A1E78E918005D88CA /* penholder.swift */ = {isa = PBXFileReference; fileEncoding = 4; lastKnownFileType = sourcecode.swift; path = penholder.swift; sourceTree = "<group>"; };
/* End PBXFileReference section */

/* Begin PBXFrameworksBuildPhase section */
		DBEBDF0B1E78E8E9005D88CA /* Frameworks */ = {
			isa = PBXFrameworksBuildPhase;
			buildActionMask = 2147483647;
			files = (
			);
			runOnlyForDeploymentPostprocessing = 0;
		};
/* End PBXFrameworksBuildPhase section */

/* Begin PBXGroup section */
		DBEBDF051E78E8E9005D88CA = {
			isa = PBXGroup;
			children = (
				DBEBDF101E78E8E9005D88CA /* pen */,
				DBEBDF0F1E78E8E9005D88CA /* Products */,
			);
			sourceTree = "<group>";
		};
		DBEBDF0F1E78E8E9005D88CA /* Products */ = {
			isa = PBXGroup;
			children = (
				DBEBDF0E1E78E8E9005D88CA /* pen */,
			);
			name = Products;
			sourceTree = "<group>";
		};
		DBEBDF101E78E8E9005D88CA /* pen */ = {
			isa = PBXGroup;
			children = (
				DBEBDF111E78E8E9005D88CA /* main.swift */,
				DBEBDF181E78E904005D88CA /* pen.swift */,
				DBEBDF1A1E78E918005D88CA /* penholder.swift */,
			);
			path = pen;
			sourceTree = "<group>";
		};
/* End PBXGroup section */

/* Begin PBXNativeTarget section */
		DBEBDF0D1E78E8E9005D88CA /* pen */ = {
			isa = PBXNativeTarget;
			buildConfigurationList = DBEBDF151E78E8E9005D88CA /* Build configuration list for PBXNativeTarget "pen" */;
			buildPhases = (
				DBEBDF0A1E78E8E9005D88CA /* Sources */,
				DBEBDF0B1E78E8E9005D88CA /* Frameworks */,
				DBEBDF0C1E78E8E9005D88CA /* CopyFiles */,
			);
			buildRules = (
			);
			dependencies = (
			);
			name = pen;
			productName = pen;
			productReference = DBEBDF0E1E78E8E9005D88CA /* pen */;
			productType = "com.apple.product-type.tool";
		};
/* End PBXNativeTarget section */

/* Begin PBXProject section */
		DBEBDF061E78E8E9005D88CA /* Project object */ = {
			isa = PBXProject;
			attributes = {
				LastSwiftUpdateCheck = 0820;
				LastUpgradeCheck = 0820;
				ORGANIZATIONNAME = "Jun woo Park";
				TargetAttributes = {
					DBEBDF0D1E78E8E9005D88CA = {
						CreatedOnToolsVersion = 8.2.1;
						ProvisioningStyle = Automatic;
					};
				};
			};
			buildConfigurationList = DBEBDF091E78E8E9005D88CA /* Build configuration list for PBXProject "pen" */;
			compatibilityVersion = "Xcode 3.2";
			developmentRegion = English;
			hasScannedForEncodings = 0;
			knownRegions = (
				en,
			);
			mainGroup = DBEBDF051E78E8E9005D88CA;
			productRefGroup = DBEBDF0F1E78E8E9005D88CA /* Products */;
			projectDirPath = "";
			projectRoot = "";
			targets = (
				DBEBDF0D1E78E8E9005D88CA /* pen */,
			);
		};
/* End PBXProject section */

/* Begin PBXSourcesBuildPhase section */
		DBEBDF0A1E78E8E9005D88CA /* Sources */ = {
			isa = PBXSourcesBuildPhase;
			buildActionMask = 2147483647;
			files = (
				DBEBDF121E78E8E9005D88CA /* main.swift in Sources */,
				DBEBDF1B1E78E918005D88CA /* penholder.swift in Sources */,
				DBEBDF191E78E904005D88CA /* pen.swift in Sources */,
			);
			runOnlyForDeploymentPostprocessing = 0;
		};
/* End PBXSourcesBuildPhase section */

/* Begin XCBuildConfiguration section */
		DBEBDF131E78E8E9005D88CA /* Debug */ = {
			isa = XCBuildConfiguration;
			buildSettings = {
				ALWAYS_SEARCH_USER_PATHS = NO;
				CLANG_ANALYZER_NONNULL = YES;
				CLANG_CXX_LANGUAGE_STANDARD = "gnu++0x";
				CLANG_CXX_LIBRARY = "libc++";
				CLANG_ENABLE_MODULES = YES;
				CLANG_ENABLE_OBJC_ARC = YES;
				CLANG_WARN_BOOL_CONVERSION = YES;
				CLANG_WARN_CONSTANT_CONVERSION = YES;
				CLANG_WARN_DIRECT_OBJC_ISA_USAGE = YES_ERROR;
				CLANG_WARN_DOCUMENTATION_COMMENTS = YES;
				CLANG_WARN_EMPTY_BODY = YES;
				CLANG_WARN_ENUM_CONVERSION = YES;
				CLANG_WARN_INFINITE_RECURSION = YES;
				CLANG_WARN_INT_CONVERSION = YES;
				CLANG_WARN_OBJC_ROOT_CLASS = YES_ERROR;
				CLANG_WARN_SUSPICIOUS_MOVE = YES;
				CLANG_WARN_UNREACHABLE_CODE = YES;
				CLANG_WARN__DUPLICATE_METHOD_MATCH = YES;
				CODE_SIGN_IDENTITY = "-";
				COPY_PHASE_STRIP = NO;
				DEBUG_INFORMATION_FORMAT = dwarf;
				ENABLE_STRICT_OBJC_MSGSEND = YES;
				ENABLE_TESTABILITY = YES;
				GCC_C_LANGUAGE_STANDARD = gnu99;
				GCC_DYNAMIC_NO_PIC = NO;
				GCC_NO_COMMON_BLOCKS = YES;
				GCC_OPTIMIZATION_LEVEL = 0;
				GCC_PREPROCESSOR_DEFINITIONS = (
					"DEBUG=1",
					"$(inherited)",
				);
				GCC_WARN_64_TO_32_BIT_CONVERSION = YES;
				GCC_WARN_ABOUT_RETURN_TYPE = YES_ERROR;
				GCC_WARN_UNDECLARED_SELECTOR = YES;
				GCC_WARN_UNINITIALIZED_AUTOS = YES_AGGRESSIVE;
				GCC_WARN_UNUSED_FUNCTION = YES;
				GCC_WARN_UNUSED_VARIABLE = YES;
				MACOSX_DEPLOYMENT_TARGET = 10.12;
				MTL_ENABLE_DEBUG_INFO = YES;
				ONLY_ACTIVE_ARCH = YES;
				SDKROOT = macosx;
				SWIFT_OPTIMIZATION_LEVEL = "-Onone";
			};
			name = Debug;
		};
		DBEBDF141E78E8E9005D88CA /* Release */ = {
			isa = XCBuildConfiguration;
			buildSettings = {
				ALWAYS_SEARCH_USER_PATHS = NO;
				CLANG_ANALYZER_NONNULL = YES;
				CLANG_CXX_LANGUAGE_STANDARD = "gnu++0x";
				CLANG_CXX_LIBRARY = "libc++";
				CLANG_ENABLE_MODULES = YES;
				CLANG_ENABLE_OBJC_ARC = YES;
				CLANG_WARN_BOOL_CONVERSION = YES;
				CLANG_WARN_CONSTANT_CONVERSION = YES;
				CLANG_WARN_DIRECT_OBJC_ISA_USAGE = YES_ERROR;
				CLANG_WARN_DOCUMENTATION_COMMENTS = YES;
				CLANG_WARN_EMPTY_BODY = YES;
				CLANG_WARN_ENUM_CONVERSION = YES;
				CLANG_WARN_INFINITE_RECURSION = YES;
				CLANG_WARN_INT_CONVERSION = YES;
				CLANG_WARN_OBJC_ROOT_CLASS = YES_ERROR;
				CLANG_WARN_SUSPICIOUS_MOVE = YES;
				CLANG_WARN_UNREACHABLE_CODE = YES;
				CLANG_WARN__DUPLICATE_METHOD_MATCH = YES;
				CODE_SIGN_IDENTITY = "-";
				COPY_PHASE_STRIP = NO;
				DEBUG_INFORMATION_FORMAT = "dwarf-with-dsym";
				ENABLE_NS_ASSERTIONS = NO;
				ENABLE_STRICT_OBJC_MSGSEND = YES;
				GCC_C_LANGUAGE_STANDARD = gnu99;
				GCC_NO_COMMON_BLOCKS = YES;
				GCC_WARN_64_TO_32_BIT_CONVERSION = YES;
				GCC_WARN_ABOUT_RETURN_TYPE = YES_ERROR;
				GCC_WARN_UNDECLARED_SELECTOR = YES;
				GCC_WARN_UNINITIALIZED_AUTOS = YES_AGGRESSIVE;
				GCC_WARN_UNUSED_FUNCTION = YES;
				GCC_WARN_UNUSED_VARIABLE = YES;
				MACOSX_DEPLOYMENT_TARGET = 10.12;
				MTL_ENABLE_DEBUG_INFO = NO;
				SDKROOT = macosx;
			};
			name = Release;
		};
		DBEBDF161E78E8E9005D88CA /* Debug */ = {
			isa = XCBuildConfiguration;
			buildSettings = {
				PRODUCT_NAME = "$(TARGET_NAME)";
				SWIFT_VERSION = 3.0;
			};
			name = Debug;
		};
		DBEBDF171E78E8E9005D88CA /* Release */ = {
			isa = XCBuildConfiguration;
			buildSettings = {
				PRODUCT_NAME = "$(TARGET_NAME)";
				SWIFT_VERSION = 3.0;
			};
			name = Release;
		};
/* End XCBuildConfiguration section */

/* Begin XCConfigurationList section */
		DBEBDF091E78E8E9005D88CA /* Build configuration list for PBXProject "pen" */ = {
			isa = XCConfigurationList;
			buildConfigurations = (
				DBEBDF131E78E8E9005D88CA /* Debug */,
				DBEBDF141E78E8E9005D88CA /* Release */,
			);
			defaultConfigurationIsVisible = 0;
			defaultConfigurationName = Release;
		};
		DBEBDF151E78E8E9005D88CA /* Build configuration list for PBXNativeTarget "pen" */ = {
			isa = XCConfigurationList;
			buildConfigurations = (
				DBEBDF161E78E8E9005D88CA /* Debug */,
				DBEBDF171E78E8E9005D88CA /* Release */,
			);
			defaultConfigurationIsVisible = 0;
		};
/* End XCConfigurationList section */
	};
	rootObject = DBEBDF061E78E8E9005D88CA /* Project object */;
}
