// !$*UTF8*$!
{
	archiveVersion = 1;
	classes = {
	};
	objectVersion = 46;
	objects = {

/* Begin PBXBuildFile section */
		DBD3C6EA1E9C7D640026E597 /* AppDelegate.swift in Sources */ = {isa = PBXBuildFile; fileRef = DBD3C6E91E9C7D640026E597 /* AppDelegate.swift */; };
		DBD3C6EC1E9C7D640026E597 /* ViewController.swift in Sources */ = {isa = PBXBuildFile; fileRef = DBD3C6EB1E9C7D640026E597 /* ViewController.swift */; };
		DBD3C6EF1E9C7D640026E597 /* Main.storyboard in Resources */ = {isa = PBXBuildFile; fileRef = DBD3C6ED1E9C7D640026E597 /* Main.storyboard */; };
		DBD3C6F11E9C7D640026E597 /* Assets.xcassets in Resources */ = {isa = PBXBuildFile; fileRef = DBD3C6F01E9C7D640026E597 /* Assets.xcassets */; };
		DBD3C6F41E9C7D640026E597 /* LaunchScreen.storyboard in Resources */ = {isa = PBXBuildFile; fileRef = DBD3C6F21E9C7D640026E597 /* LaunchScreen.storyboard */; };
		DBD3C6FC1E9C9B600026E597 /* DK Knucklebones.otf in Resources */ = {isa = PBXBuildFile; fileRef = DBD3C6FB1E9C9B600026E597 /* DK Knucklebones.otf */; };
		DBD3C6FE1E9C9D660026E597 /* btn.wav in Resources */ = {isa = PBXBuildFile; fileRef = DBD3C6FD1E9C9D660026E597 /* btn.wav */; };
/* End PBXBuildFile section */

/* Begin PBXFileReference section */
		DBD3C6E61E9C7D640026E597 /* RetroCalculator.app */ = {isa = PBXFileReference; explicitFileType = wrapper.application; includeInIndex = 0; path = RetroCalculator.app; sourceTree = BUILT_PRODUCTS_DIR; };
		DBD3C6E91E9C7D640026E597 /* AppDelegate.swift */ = {isa = PBXFileReference; lastKnownFileType = sourcecode.swift; path = AppDelegate.swift; sourceTree = "<group>"; };
		DBD3C6EB1E9C7D640026E597 /* ViewController.swift */ = {isa = PBXFileReference; lastKnownFileType = sourcecode.swift; path = ViewController.swift; sourceTree = "<group>"; };
		DBD3C6EE1E9C7D640026E597 /* Base */ = {isa = PBXFileReference; lastKnownFileType = file.storyboard; name = Base; path = Base.lproj/Main.storyboard; sourceTree = "<group>"; };
		DBD3C6F01E9C7D640026E597 /* Assets.xcassets */ = {isa = PBXFileReference; lastKnownFileType = folder.assetcatalog; path = Assets.xcassets; sourceTree = "<group>"; };
		DBD3C6F31E9C7D640026E597 /* Base */ = {isa = PBXFileReference; lastKnownFileType = file.storyboard; name = Base; path = Base.lproj/LaunchScreen.storyboard; sourceTree = "<group>"; };
		DBD3C6F51E9C7D640026E597 /* Info.plist */ = {isa = PBXFileReference; lastKnownFileType = text.plist.xml; path = Info.plist; sourceTree = "<group>"; };
		DBD3C6FB1E9C9B600026E597 /* DK Knucklebones.otf */ = {isa = PBXFileReference; lastKnownFileType = file; name = "DK Knucklebones.otf"; path = "../DK Knucklebones.otf"; sourceTree = "<group>"; };
		DBD3C6FD1E9C9D660026E597 /* btn.wav */ = {isa = PBXFileReference; lastKnownFileType = audio.wav; path = btn.wav; sourceTree = "<group>"; };
/* End PBXFileReference section */

/* Begin PBXFrameworksBuildPhase section */
		DBD3C6E31E9C7D640026E597 /* Frameworks */ = {
			isa = PBXFrameworksBuildPhase;
			buildActionMask = 2147483647;
			files = (
			);
			runOnlyForDeploymentPostprocessing = 0;
		};
/* End PBXFrameworksBuildPhase section */

/* Begin PBXGroup section */
		DBD3C6DD1E9C7D640026E597 = {
			isa = PBXGroup;
			children = (
				DBD3C6E81E9C7D640026E597 /* RetroCalculator */,
				DBD3C6E71E9C7D640026E597 /* Products */,
			);
			sourceTree = "<group>";
		};
		DBD3C6E71E9C7D640026E597 /* Products */ = {
			isa = PBXGroup;
			children = (
				DBD3C6E61E9C7D640026E597 /* RetroCalculator.app */,
			);
			name = Products;
			sourceTree = "<group>";
		};
		DBD3C6E81E9C7D640026E597 /* RetroCalculator */ = {
			isa = PBXGroup;
			children = (
				DBD3C6FB1E9C9B600026E597 /* DK Knucklebones.otf */,
				DBD3C6E91E9C7D640026E597 /* AppDelegate.swift */,
				DBD3C6EB1E9C7D640026E597 /* ViewController.swift */,
				DBD3C6FD1E9C9D660026E597 /* btn.wav */,
				DBD3C6ED1E9C7D640026E597 /* Main.storyboard */,
				DBD3C6F01E9C7D640026E597 /* Assets.xcassets */,
				DBD3C6F21E9C7D640026E597 /* LaunchScreen.storyboard */,
				DBD3C6F51E9C7D640026E597 /* Info.plist */,
			);
			path = RetroCalculator;
			sourceTree = "<group>";
		};
/* End PBXGroup section */

/* Begin PBXNativeTarget section */
		DBD3C6E51E9C7D640026E597 /* RetroCalculator */ = {
			isa = PBXNativeTarget;
			buildConfigurationList = DBD3C6F81E9C7D640026E597 /* Build configuration list for PBXNativeTarget "RetroCalculator" */;
			buildPhases = (
				DBD3C6E21E9C7D640026E597 /* Sources */,
				DBD3C6E31E9C7D640026E597 /* Frameworks */,
				DBD3C6E41E9C7D640026E597 /* Resources */,
			);
			buildRules = (
			);
			dependencies = (
			);
			name = RetroCalculator;
			productName = RetroCalculator;
			productReference = DBD3C6E61E9C7D640026E597 /* RetroCalculator.app */;
			productType = "com.apple.product-type.application";
		};
/* End PBXNativeTarget section */

/* Begin PBXProject section */
		DBD3C6DE1E9C7D640026E597 /* Project object */ = {
			isa = PBXProject;
			attributes = {
				LastSwiftUpdateCheck = 0830;
				LastUpgradeCheck = 0830;
				ORGANIZATIONNAME = "Jun woo Park";
				TargetAttributes = {
					DBD3C6E51E9C7D640026E597 = {
						CreatedOnToolsVersion = 8.3.1;
						DevelopmentTeam = TM6U8P8E5J;
						ProvisioningStyle = Automatic;
					};
				};
			};
			buildConfigurationList = DBD3C6E11E9C7D640026E597 /* Build configuration list for PBXProject "RetroCalculator" */;
			compatibilityVersion = "Xcode 3.2";
			developmentRegion = English;
			hasScannedForEncodings = 0;
			knownRegions = (
				en,
				Base,
			);
			mainGroup = DBD3C6DD1E9C7D640026E597;
			productRefGroup = DBD3C6E71E9C7D640026E597 /* Products */;
			projectDirPath = "";
			projectRoot = "";
			targets = (
				DBD3C6E51E9C7D640026E597 /* RetroCalculator */,
			);
		};
/* End PBXProject section */

/* Begin PBXResourcesBuildPhase section */
		DBD3C6E41E9C7D640026E597 /* Resources */ = {
			isa = PBXResourcesBuildPhase;
			buildActionMask = 2147483647;
			files = (
				DBD3C6FE1E9C9D660026E597 /* btn.wav in Resources */,
				DBD3C6F41E9C7D640026E597 /* LaunchScreen.storyboard in Resources */,
				DBD3C6FC1E9C9B600026E597 /* DK Knucklebones.otf in Resources */,
				DBD3C6F11E9C7D640026E597 /* Assets.xcassets in Resources */,
				DBD3C6EF1E9C7D640026E597 /* Main.storyboard in Resources */,
			);
			runOnlyForDeploymentPostprocessing = 0;
		};
/* End PBXResourcesBuildPhase section */

/* Begin PBXSourcesBuildPhase section */
		DBD3C6E21E9C7D640026E597 /* Sources */ = {
			isa = PBXSourcesBuildPhase;
			buildActionMask = 2147483647;
			files = (
				DBD3C6EC1E9C7D640026E597 /* ViewController.swift in Sources */,
				DBD3C6EA1E9C7D640026E597 /* AppDelegate.swift in Sources */,
			);
			runOnlyForDeploymentPostprocessing = 0;
		};
/* End PBXSourcesBuildPhase section */

/* Begin PBXVariantGroup section */
		DBD3C6ED1E9C7D640026E597 /* Main.storyboard */ = {
			isa = PBXVariantGroup;
			children = (
				DBD3C6EE1E9C7D640026E597 /* Base */,
			);
			name = Main.storyboard;
			sourceTree = "<group>";
		};
		DBD3C6F21E9C7D640026E597 /* LaunchScreen.storyboard */ = {
			isa = PBXVariantGroup;
			children = (
				DBD3C6F31E9C7D640026E597 /* Base */,
			);
			name = LaunchScreen.storyboard;
			sourceTree = "<group>";
		};
/* End PBXVariantGroup section */

/* Begin XCBuildConfiguration section */
		DBD3C6F61E9C7D640026E597 /* Debug */ = {
			isa = XCBuildConfiguration;
			buildSettings = {
				ALWAYS_SEARCH_USER_PATHS = NO;
				CLANG_ANALYZER_NONNULL = YES;
				CLANG_ANALYZER_NUMBER_OBJECT_CONVERSION = YES_AGGRESSIVE;
				CLANG_CXX_LANGUAGE_STANDARD = "gnu++0x";
				CLANG_CXX_LIBRARY = "libc++";
				CLANG_ENABLE_MODULES = YES;
				CLANG_ENABLE_OBJC_ARC = YES;
				CLANG_WARN_BOOL_CONVERSION = YES;
				CLANG_WARN_CONSTANT_CONVERSION = YES;
				CLANG_WARN_DIRECT_OBJC_ISA_USAGE = YES_ERROR;
				CLANG_WARN_DOCUMENTATION_COMMENTS = YES;
				CLANG_WARN_EMPTY_BODY = YES;
				CLANG_WARN_ENUM_CONVERSION = YES;
				CLANG_WARN_INFINITE_RECURSION = YES;
				CLANG_WARN_INT_CONVERSION = YES;
				CLANG_WARN_OBJC_ROOT_CLASS = YES_ERROR;
				CLANG_WARN_SUSPICIOUS_MOVE = YES;
				CLANG_WARN_UNREACHABLE_CODE = YES;
				CLANG_WARN__DUPLICATE_METHOD_MATCH = YES;
				"CODE_SIGN_IDENTITY[sdk=iphoneos*]" = "iPhone Developer";
				COPY_PHASE_STRIP = NO;
				DEBUG_INFORMATION_FORMAT = dwarf;
				ENABLE_STRICT_OBJC_MSGSEND = YES;
				ENABLE_TESTABILITY = YES;
				GCC_C_LANGUAGE_STANDARD = gnu99;
				GCC_DYNAMIC_NO_PIC = NO;
				GCC_NO_COMMON_BLOCKS = YES;
				GCC_OPTIMIZATION_LEVEL = 0;
				GCC_PREPROCESSOR_DEFINITIONS = (
					"DEBUG=1",
					"$(inherited)",
				);
				GCC_WARN_64_TO_32_BIT_CONVERSION = YES;
				GCC_WARN_ABOUT_RETURN_TYPE = YES_ERROR;
				GCC_WARN_UNDECLARED_SELECTOR = YES;
				GCC_WARN_UNINITIALIZED_AUTOS = YES_AGGRESSIVE;
				GCC_WARN_UNUSED_FUNCTION = YES;
				GCC_WARN_UNUSED_VARIABLE = YES;
				IPHONEOS_DEPLOYMENT_TARGET = 10.3;
				MTL_ENABLE_DEBUG_INFO = YES;
				ONLY_ACTIVE_ARCH = YES;
				SDKROOT = iphoneos;
				SWIFT_ACTIVE_COMPILATION_CONDITIONS = DEBUG;
				SWIFT_OPTIMIZATION_LEVEL = "-Onone";
				TARGETED_DEVICE_FAMILY = "1,2";
			};
			name = Debug;
		};
		DBD3C6F71E9C7D640026E597 /* Release */ = {
			isa = XCBuildConfiguration;
			buildSettings = {
				ALWAYS_SEARCH_USER_PATHS = NO;
				CLANG_ANALYZER_NONNULL = YES;
				CLANG_ANALYZER_NUMBER_OBJECT_CONVERSION = YES_AGGRESSIVE;
				CLANG_CXX_LANGUAGE_STANDARD = "gnu++0x";
				CLANG_CXX_LIBRARY = "libc++";
				CLANG_ENABLE_MODULES = YES;
				CLANG_ENABLE_OBJC_ARC = YES;
				CLANG_WARN_BOOL_CONVERSION = YES;
				CLANG_WARN_CONSTANT_CONVERSION = YES;
				CLANG_WARN_DIRECT_OBJC_ISA_USAGE = YES_ERROR;
				CLANG_WARN_DOCUMENTATION_COMMENTS = YES;
				CLANG_WARN_EMPTY_BODY = YES;
				CLANG_WARN_ENUM_CONVERSION = YES;
				CLANG_WARN_INFINITE_RECURSION = YES;
				CLANG_WARN_INT_CONVERSION = YES;
				CLANG_WARN_OBJC_ROOT_CLASS = YES_ERROR;
				CLANG_WARN_SUSPICIOUS_MOVE = YES;
				CLANG_WARN_UNREACHABLE_CODE = YES;
				CLANG_WARN__DUPLICATE_METHOD_MATCH = YES;
				"CODE_SIGN_IDENTITY[sdk=iphoneos*]" = "iPhone Developer";
				COPY_PHASE_STRIP = NO;
				DEBUG_INFORMATION_FORMAT = "dwarf-with-dsym";
				ENABLE_NS_ASSERTIONS = NO;
				ENABLE_STRICT_OBJC_MSGSEND = YES;
				GCC_C_LANGUAGE_STANDARD = gnu99;
				GCC_NO_COMMON_BLOCKS = YES;
				GCC_WARN_64_TO_32_BIT_CONVERSION = YES;
				GCC_WARN_ABOUT_RETURN_TYPE = YES_ERROR;
				GCC_WARN_UNDECLARED_SELECTOR = YES;
				GCC_WARN_UNINITIALIZED_AUTOS = YES_AGGRESSIVE;
				GCC_WARN_UNUSED_FUNCTION = YES;
				GCC_WARN_UNUSED_VARIABLE = YES;
				IPHONEOS_DEPLOYMENT_TARGET = 10.3;
				MTL_ENABLE_DEBUG_INFO = NO;
				SDKROOT = iphoneos;
				SWIFT_OPTIMIZATION_LEVEL = "-Owholemodule";
				TARGETED_DEVICE_FAMILY = "1,2";
				VALIDATE_PRODUCT = YES;
			};
			name = Release;
		};
		DBD3C6F91E9C7D640026E597 /* Debug */ = {
			isa = XCBuildConfiguration;
			buildSettings = {
				ASSETCATALOG_COMPILER_APPICON_NAME = AppIcon;
				DEVELOPMENT_TEAM = TM6U8P8E5J;
				INFOPLIST_FILE = RetroCalculator/Info.plist;
				LD_RUNPATH_SEARCH_PATHS = "$(inherited) @executable_path/Frameworks";
				PRODUCT_BUNDLE_IDENTIFIER = codesquad.kr.RetroCalculator;
				PRODUCT_NAME = "$(TARGET_NAME)";
				SWIFT_VERSION = 3.0;
			};
			name = Debug;
		};
		DBD3C6FA1E9C7D640026E597 /* Release */ = {
			isa = XCBuildConfiguration;
			buildSettings = {
				ASSETCATALOG_COMPILER_APPICON_NAME = AppIcon;
				DEVELOPMENT_TEAM = TM6U8P8E5J;
				INFOPLIST_FILE = RetroCalculator/Info.plist;
				LD_RUNPATH_SEARCH_PATHS = "$(inherited) @executable_path/Frameworks";
				PRODUCT_BUNDLE_IDENTIFIER = codesquad.kr.RetroCalculator;
				PRODUCT_NAME = "$(TARGET_NAME)";
				SWIFT_VERSION = 3.0;
			};
			name = Release;
		};
/* End XCBuildConfiguration section */

/* Begin XCConfigurationList section */
		DBD3C6E11E9C7D640026E597 /* Build configuration list for PBXProject "RetroCalculator" */ = {
			isa = XCConfigurationList;
			buildConfigurations = (
				DBD3C6F61E9C7D640026E597 /* Debug */,
				DBD3C6F71E9C7D640026E597 /* Release */,
			);
			defaultConfigurationIsVisible = 0;
			defaultConfigurationName = Release;
		};
		DBD3C6F81E9C7D640026E597 /* Build configuration list for PBXNativeTarget "RetroCalculator" */ = {
			isa = XCConfigurationList;
			buildConfigurations = (
				DBD3C6F91E9C7D640026E597 /* Debug */,
				DBD3C6FA1E9C7D640026E597 /* Release */,
			);
			defaultConfigurationIsVisible = 0;
		};
/* End XCConfigurationList section */
	};
	rootObject = DBD3C6DE1E9C7D640026E597 /* Project object */;
}
