// !$*UTF8*$!
{
	archiveVersion = 1;
	classes = {
	};
	objectVersion = 46;
	objects = {

/* Begin PBXBuildFile section */
		DB4D8ECA1E86A0F1001153BA /* main.swift in Sources */ = {isa = PBXBuildFile; fileRef = DB4D8EC91E86A0F1001153BA /* main.swift */; };
		DB4D8ED11E86A102001153BA /* CXPen.swift in Sources */ = {isa = PBXBuildFile; fileRef = DB4D8ED01E86A102001153BA /* CXPen.swift */; };
		DB4D8ED31E86A3B3001153BA /* PenHolder.swift in Sources */ = {isa = PBXBuildFile; fileRef = DB4D8ED21E86A3B3001153BA /* PenHolder.swift */; };
/* End PBXBuildFile section */

/* Begin PBXCopyFilesBuildPhase section */
		DB4D8EC41E86A0F0001153BA /* CopyFiles */ = {
			isa = PBXCopyFilesBuildPhase;
			buildActionMask = 2147483647;
			dstPath = /usr/share/man/man1/;
			dstSubfolderSpec = 0;
			files = (
			);
			runOnlyForDeploymentPostprocessing = 1;
		};
/* End PBXCopyFilesBuildPhase section */

/* Begin PBXFileReference section */
		DB4D8EC61E86A0F0001153BA /* Pen */ = {isa = PBXFileReference; explicitFileType = "compiled.mach-o.executable"; includeInIndex = 0; path = Pen; sourceTree = BUILT_PRODUCTS_DIR; };
		DB4D8EC91E86A0F1001153BA /* main.swift */ = {isa = PBXFileReference; lastKnownFileType = sourcecode.swift; path = main.swift; sourceTree = "<group>"; };
		DB4D8ED01E86A102001153BA /* CXPen.swift */ = {isa = PBXFileReference; fileEncoding = 4; lastKnownFileType = sourcecode.swift; path = CXPen.swift; sourceTree = "<group>"; };
		DB4D8ED21E86A3B3001153BA /* PenHolder.swift */ = {isa = PBXFileReference; fileEncoding = 4; lastKnownFileType = sourcecode.swift; path = PenHolder.swift; sourceTree = "<group>"; };
/* End PBXFileReference section */

/* Begin PBXFrameworksBuildPhase section */
		DB4D8EC31E86A0F0001153BA /* Frameworks */ = {
			isa = PBXFrameworksBuildPhase;
			buildActionMask = 2147483647;
			files = (
			);
			runOnlyForDeploymentPostprocessing = 0;
		};
/* End PBXFrameworksBuildPhase section */

/* Begin PBXGroup section */
		DB4D8EBD1E86A0F0001153BA = {
			isa = PBXGroup;
			children = (
				DB4D8EC81E86A0F1001153BA /* Pen */,
				DB4D8EC71E86A0F0001153BA /* Products */,
			);
			sourceTree = "<group>";
		};
		DB4D8EC71E86A0F0001153BA /* Products */ = {
			isa = PBXGroup;
			children = (
				DB4D8EC61E86A0F0001153BA /* Pen */,
			);
			name = Products;
			sourceTree = "<group>";
		};
		DB4D8EC81E86A0F1001153BA /* Pen */ = {
			isa = PBXGroup;
			children = (
				DB4D8EC91E86A0F1001153BA /* main.swift */,
				DB4D8ED01E86A102001153BA /* CXPen.swift */,
				DB4D8ED21E86A3B3001153BA /* PenHolder.swift */,
			);
			path = Pen;
			sourceTree = "<group>";
		};
/* End PBXGroup section */

/* Begin PBXNativeTarget section */
		DB4D8EC51E86A0F0001153BA /* Pen */ = {
			isa = PBXNativeTarget;
			buildConfigurationList = DB4D8ECD1E86A0F1001153BA /* Build configuration list for PBXNativeTarget "Pen" */;
			buildPhases = (
				DB4D8EC21E86A0F0001153BA /* Sources */,
				DB4D8EC31E86A0F0001153BA /* Frameworks */,
				DB4D8EC41E86A0F0001153BA /* CopyFiles */,
			);
			buildRules = (
			);
			dependencies = (
			);
			name = Pen;
			productName = Pen;
			productReference = DB4D8EC61E86A0F0001153BA /* Pen */;
			productType = "com.apple.product-type.tool";
		};
/* End PBXNativeTarget section */

/* Begin PBXProject section */
		DB4D8EBE1E86A0F0001153BA /* Project object */ = {
			isa = PBXProject;
			attributes = {
				LastSwiftUpdateCheck = 0820;
				LastUpgradeCheck = 0820;
				ORGANIZATIONNAME = "Jun woo Park";
				TargetAttributes = {
					DB4D8EC51E86A0F0001153BA = {
						CreatedOnToolsVersion = 8.2.1;
						ProvisioningStyle = Automatic;
					};
				};
			};
			buildConfigurationList = DB4D8EC11E86A0F0001153BA /* Build configuration list for PBXProject "Pen" */;
			compatibilityVersion = "Xcode 3.2";
			developmentRegion = English;
			hasScannedForEncodings = 0;
			knownRegions = (
				en,
			);
			mainGroup = DB4D8EBD1E86A0F0001153BA;
			productRefGroup = DB4D8EC71E86A0F0001153BA /* Products */;
			projectDirPath = "";
			projectRoot = "";
			targets = (
				DB4D8EC51E86A0F0001153BA /* Pen */,
			);
		};
/* End PBXProject section */

/* Begin PBXSourcesBuildPhase section */
		DB4D8EC21E86A0F0001153BA /* Sources */ = {
			isa = PBXSourcesBuildPhase;
			buildActionMask = 2147483647;
			files = (
				DB4D8ED31E86A3B3001153BA /* PenHolder.swift in Sources */,
				DB4D8ED11E86A102001153BA /* CXPen.swift in Sources */,
				DB4D8ECA1E86A0F1001153BA /* main.swift in Sources */,
			);
			runOnlyForDeploymentPostprocessing = 0;
		};
/* End PBXSourcesBuildPhase section */

/* Begin XCBuildConfiguration section */
		DB4D8ECB1E86A0F1001153BA /* Debug */ = {
			isa = XCBuildConfiguration;
			buildSettings = {
				ALWAYS_SEARCH_USER_PATHS = NO;
				CLANG_ANALYZER_NONNULL = YES;
				CLANG_CXX_LANGUAGE_STANDARD = "gnu++0x";
				CLANG_CXX_LIBRARY = "libc++";
				CLANG_ENABLE_MODULES = YES;
				CLANG_ENABLE_OBJC_ARC = YES;
				CLANG_WARN_BOOL_CONVERSION = YES;
				CLANG_WARN_CONSTANT_CONVERSION = YES;
				CLANG_WARN_DIRECT_OBJC_ISA_USAGE = YES_ERROR;
				CLANG_WARN_DOCUMENTATION_COMMENTS = YES;
				CLANG_WARN_EMPTY_BODY = YES;
				CLANG_WARN_ENUM_CONVERSION = YES;
				CLANG_WARN_INFINITE_RECURSION = YES;
				CLANG_WARN_INT_CONVERSION = YES;
				CLANG_WARN_OBJC_ROOT_CLASS = YES_ERROR;
				CLANG_WARN_SUSPICIOUS_MOVE = YES;
				CLANG_WARN_UNREACHABLE_CODE = YES;
				CLANG_WARN__DUPLICATE_METHOD_MATCH = YES;
				CODE_SIGN_IDENTITY = "-";
				COPY_PHASE_STRIP = NO;
				DEBUG_INFORMATION_FORMAT = dwarf;
				ENABLE_STRICT_OBJC_MSGSEND = YES;
				ENABLE_TESTABILITY = YES;
				GCC_C_LANGUAGE_STANDARD = gnu99;
				GCC_DYNAMIC_NO_PIC = NO;
				GCC_NO_COMMON_BLOCKS = YES;
				GCC_OPTIMIZATION_LEVEL = 0;
				GCC_PREPROCESSOR_DEFINITIONS = (
					"DEBUG=1",
					"$(inherited)",
				);
				GCC_WARN_64_TO_32_BIT_CONVERSION = YES;
				GCC_WARN_ABOUT_RETURN_TYPE = YES_ERROR;
				GCC_WARN_UNDECLARED_SELECTOR = YES;
				GCC_WARN_UNINITIALIZED_AUTOS = YES_AGGRESSIVE;
				GCC_WARN_UNUSED_FUNCTION = YES;
				GCC_WARN_UNUSED_VARIABLE = YES;
				MACOSX_DEPLOYMENT_TARGET = 10.12;
				MTL_ENABLE_DEBUG_INFO = YES;
				ONLY_ACTIVE_ARCH = YES;
				SDKROOT = macosx;
				SWIFT_OPTIMIZATION_LEVEL = "-Onone";
			};
			name = Debug;
		};
		DB4D8ECC1E86A0F1001153BA /* Release */ = {
			isa = XCBuildConfiguration;
			buildSettings = {
				ALWAYS_SEARCH_USER_PATHS = NO;
				CLANG_ANALYZER_NONNULL = YES;
				CLANG_CXX_LANGUAGE_STANDARD = "gnu++0x";
				CLANG_CXX_LIBRARY = "libc++";
				CLANG_ENABLE_MODULES = YES;
				CLANG_ENABLE_OBJC_ARC = YES;
				CLANG_WARN_BOOL_CONVERSION = YES;
				CLANG_WARN_CONSTANT_CONVERSION = YES;
				CLANG_WARN_DIRECT_OBJC_ISA_USAGE = YES_ERROR;
				CLANG_WARN_DOCUMENTATION_COMMENTS = YES;
				CLANG_WARN_EMPTY_BODY = YES;
				CLANG_WARN_ENUM_CONVERSION = YES;
				CLANG_WARN_INFINITE_RECURSION = YES;
				CLANG_WARN_INT_CONVERSION = YES;
				CLANG_WARN_OBJC_ROOT_CLASS = YES_ERROR;
				CLANG_WARN_SUSPICIOUS_MOVE = YES;
				CLANG_WARN_UNREACHABLE_CODE = YES;
				CLANG_WARN__DUPLICATE_METHOD_MATCH = YES;
				CODE_SIGN_IDENTITY = "-";
				COPY_PHASE_STRIP = NO;
				DEBUG_INFORMATION_FORMAT = "dwarf-with-dsym";
				ENABLE_NS_ASSERTIONS = NO;
				ENABLE_STRICT_OBJC_MSGSEND = YES;
				GCC_C_LANGUAGE_STANDARD = gnu99;
				GCC_NO_COMMON_BLOCKS = YES;
				GCC_WARN_64_TO_32_BIT_CONVERSION = YES;
				GCC_WARN_ABOUT_RETURN_TYPE = YES_ERROR;
				GCC_WARN_UNDECLARED_SELECTOR = YES;
				GCC_WARN_UNINITIALIZED_AUTOS = YES_AGGRESSIVE;
				GCC_WARN_UNUSED_FUNCTION = YES;
				GCC_WARN_UNUSED_VARIABLE = YES;
				MACOSX_DEPLOYMENT_TARGET = 10.12;
				MTL_ENABLE_DEBUG_INFO = NO;
				SDKROOT = macosx;
			};
			name = Release;
		};
		DB4D8ECE1E86A0F1001153BA /* Debug */ = {
			isa = XCBuildConfiguration;
			buildSettings = {
				PRODUCT_NAME = "$(TARGET_NAME)";
				SWIFT_VERSION = 3.0;
			};
			name = Debug;
		};
		DB4D8ECF1E86A0F1001153BA /* Release */ = {
			isa = XCBuildConfiguration;
			buildSettings = {
				PRODUCT_NAME = "$(TARGET_NAME)";
				SWIFT_VERSION = 3.0;
			};
			name = Release;
		};
/* End XCBuildConfiguration section */

/* Begin XCConfigurationList section */
		DB4D8EC11E86A0F0001153BA /* Build configuration list for PBXProject "Pen" */ = {
			isa = XCConfigurationList;
			buildConfigurations = (
				DB4D8ECB1E86A0F1001153BA /* Debug */,
				DB4D8ECC1E86A0F1001153BA /* Release */,
			);
			defaultConfigurationIsVisible = 0;
			defaultConfigurationName = Release;
		};
		DB4D8ECD1E86A0F1001153BA /* Build configuration list for PBXNativeTarget "Pen" */ = {
			isa = XCConfigurationList;
			buildConfigurations = (
				DB4D8ECE1E86A0F1001153BA /* Debug */,
				DB4D8ECF1E86A0F1001153BA /* Release */,
			);
			defaultConfigurationIsVisible = 0;
		};
/* End XCConfigurationList section */
	};
	rootObject = DB4D8EBE1E86A0F0001153BA /* Project object */;
}
