// !$*UTF8*$!
{
	archiveVersion = 1;
	classes = {
	};
	objectVersion = 46;
	objects = {

/* Begin PBXBuildFile section */
		DBDA3FBC1E7EC04300D88B6F /* main.swift in Sources */ = {isa = PBXBuildFile; fileRef = DBDA3FBB1E7EC04300D88B6F /* main.swift */; };
		DBDA3FC31E7EC08B00D88B6F /* CXPen.swift in Sources */ = {isa = PBXBuildFile; fileRef = DBDA3FC21E7EC08B00D88B6F /* CXPen.swift */; };
		DBDA3FC51E7EC2E400D88B6F /* CXMonamiPen.swift in Sources */ = {isa = PBXBuildFile; fileRef = DBDA3FC41E7EC2E400D88B6F /* CXMonamiPen.swift */; };
		DBDA3FC71E7EC2F500D88B6F /* CXSharpPen.swift in Sources */ = {isa = PBXBuildFile; fileRef = DBDA3FC61E7EC2F500D88B6F /* CXSharpPen.swift */; };
		DBDA3FC91E7EC30A00D88B6F /* PenHolder.swift in Sources */ = {isa = PBXBuildFile; fileRef = DBDA3FC81E7EC30A00D88B6F /* PenHolder.swift */; };
/* End PBXBuildFile section */

/* Begin PBXCopyFilesBuildPhase section */
		DBDA3FB61E7EC04300D88B6F /* CopyFiles */ = {
			isa = PBXCopyFilesBuildPhase;
			buildActionMask = 2147483647;
			dstPath = /usr/share/man/man1/;
			dstSubfolderSpec = 0;
			files = (
			);
			runOnlyForDeploymentPostprocessing = 1;
		};
/* End PBXCopyFilesBuildPhase section */

/* Begin PBXFileReference section */
		DBDA3FB81E7EC04300D88B6F /* pen */ = {isa = PBXFileReference; explicitFileType = "compiled.mach-o.executable"; includeInIndex = 0; path = pen; sourceTree = BUILT_PRODUCTS_DIR; };
		DBDA3FBB1E7EC04300D88B6F /* main.swift */ = {isa = PBXFileReference; lastKnownFileType = sourcecode.swift; path = main.swift; sourceTree = "<group>"; };
		DBDA3FC21E7EC08B00D88B6F /* CXPen.swift */ = {isa = PBXFileReference; fileEncoding = 4; lastKnownFileType = sourcecode.swift; path = CXPen.swift; sourceTree = "<group>"; };
		DBDA3FC41E7EC2E400D88B6F /* CXMonamiPen.swift */ = {isa = PBXFileReference; fileEncoding = 4; lastKnownFileType = sourcecode.swift; path = CXMonamiPen.swift; sourceTree = "<group>"; };
		DBDA3FC61E7EC2F500D88B6F /* CXSharpPen.swift */ = {isa = PBXFileReference; fileEncoding = 4; lastKnownFileType = sourcecode.swift; path = CXSharpPen.swift; sourceTree = "<group>"; };
		DBDA3FC81E7EC30A00D88B6F /* PenHolder.swift */ = {isa = PBXFileReference; fileEncoding = 4; lastKnownFileType = sourcecode.swift; path = PenHolder.swift; sourceTree = "<group>"; };
/* End PBXFileReference section */

/* Begin PBXFrameworksBuildPhase section */
		DBDA3FB51E7EC04300D88B6F /* Frameworks */ = {
			isa = PBXFrameworksBuildPhase;
			buildActionMask = 2147483647;
			files = (
			);
			runOnlyForDeploymentPostprocessing = 0;
		};
/* End PBXFrameworksBuildPhase section */

/* Begin PBXGroup section */
		DBDA3FAF1E7EC04300D88B6F = {
			isa = PBXGroup;
			children = (
				DBDA3FBA1E7EC04300D88B6F /* pen */,
				DBDA3FB91E7EC04300D88B6F /* Products */,
			);
			sourceTree = "<group>";
		};
		DBDA3FB91E7EC04300D88B6F /* Products */ = {
			isa = PBXGroup;
			children = (
				DBDA3FB81E7EC04300D88B6F /* pen */,
			);
			name = Products;
			sourceTree = "<group>";
		};
		DBDA3FBA1E7EC04300D88B6F /* pen */ = {
			isa = PBXGroup;
			children = (
				DBDA3FBB1E7EC04300D88B6F /* main.swift */,
				DBDA3FC21E7EC08B00D88B6F /* CXPen.swift */,
				DBDA3FC41E7EC2E400D88B6F /* CXMonamiPen.swift */,
				DBDA3FC61E7EC2F500D88B6F /* CXSharpPen.swift */,
				DBDA3FC81E7EC30A00D88B6F /* PenHolder.swift */,
			);
			path = pen;
			sourceTree = "<group>";
		};
/* End PBXGroup section */

/* Begin PBXNativeTarget section */
		DBDA3FB71E7EC04300D88B6F /* pen */ = {
			isa = PBXNativeTarget;
			buildConfigurationList = DBDA3FBF1E7EC04300D88B6F /* Build configuration list for PBXNativeTarget "pen" */;
			buildPhases = (
				DBDA3FB41E7EC04300D88B6F /* Sources */,
				DBDA3FB51E7EC04300D88B6F /* Frameworks */,
				DBDA3FB61E7EC04300D88B6F /* CopyFiles */,
			);
			buildRules = (
			);
			dependencies = (
			);
			name = pen;
			productName = pen;
			productReference = DBDA3FB81E7EC04300D88B6F /* pen */;
			productType = "com.apple.product-type.tool";
		};
/* End PBXNativeTarget section */

/* Begin PBXProject section */
		DBDA3FB01E7EC04300D88B6F /* Project object */ = {
			isa = PBXProject;
			attributes = {
				LastSwiftUpdateCheck = 0820;
				LastUpgradeCheck = 0820;
				ORGANIZATIONNAME = "Jun woo Park";
				TargetAttributes = {
					DBDA3FB71E7EC04300D88B6F = {
						CreatedOnToolsVersion = 8.2.1;
						ProvisioningStyle = Automatic;
					};
				};
			};
			buildConfigurationList = DBDA3FB31E7EC04300D88B6F /* Build configuration list for PBXProject "pen" */;
			compatibilityVersion = "Xcode 3.2";
			developmentRegion = English;
			hasScannedForEncodings = 0;
			knownRegions = (
				en,
			);
			mainGroup = DBDA3FAF1E7EC04300D88B6F;
			productRefGroup = DBDA3FB91E7EC04300D88B6F /* Products */;
			projectDirPath = "";
			projectRoot = "";
			targets = (
				DBDA3FB71E7EC04300D88B6F /* pen */,
			);
		};
/* End PBXProject section */

/* Begin PBXSourcesBuildPhase section */
		DBDA3FB41E7EC04300D88B6F /* Sources */ = {
			isa = PBXSourcesBuildPhase;
			buildActionMask = 2147483647;
			files = (
				DBDA3FC31E7EC08B00D88B6F /* CXPen.swift in Sources */,
				DBDA3FC91E7EC30A00D88B6F /* PenHolder.swift in Sources */,
				DBDA3FC51E7EC2E400D88B6F /* CXMonamiPen.swift in Sources */,
				DBDA3FBC1E7EC04300D88B6F /* main.swift in Sources */,
				DBDA3FC71E7EC2F500D88B6F /* CXSharpPen.swift in Sources */,
			);
			runOnlyForDeploymentPostprocessing = 0;
		};
/* End PBXSourcesBuildPhase section */

/* Begin XCBuildConfiguration section */
		DBDA3FBD1E7EC04300D88B6F /* Debug */ = {
			isa = XCBuildConfiguration;
			buildSettings = {
				ALWAYS_SEARCH_USER_PATHS = NO;
				CLANG_ANALYZER_NONNULL = YES;
				CLANG_CXX_LANGUAGE_STANDARD = "gnu++0x";
				CLANG_CXX_LIBRARY = "libc++";
				CLANG_ENABLE_MODULES = YES;
				CLANG_ENABLE_OBJC_ARC = YES;
				CLANG_WARN_BOOL_CONVERSION = YES;
				CLANG_WARN_CONSTANT_CONVERSION = YES;
				CLANG_WARN_DIRECT_OBJC_ISA_USAGE = YES_ERROR;
				CLANG_WARN_DOCUMENTATION_COMMENTS = YES;
				CLANG_WARN_EMPTY_BODY = YES;
				CLANG_WARN_ENUM_CONVERSION = YES;
				CLANG_WARN_INFINITE_RECURSION = YES;
				CLANG_WARN_INT_CONVERSION = YES;
				CLANG_WARN_OBJC_ROOT_CLASS = YES_ERROR;
				CLANG_WARN_SUSPICIOUS_MOVE = YES;
				CLANG_WARN_UNREACHABLE_CODE = YES;
				CLANG_WARN__DUPLICATE_METHOD_MATCH = YES;
				CODE_SIGN_IDENTITY = "-";
				COPY_PHASE_STRIP = NO;
				DEBUG_INFORMATION_FORMAT = dwarf;
				ENABLE_STRICT_OBJC_MSGSEND = YES;
				ENABLE_TESTABILITY = YES;
				GCC_C_LANGUAGE_STANDARD = gnu99;
				GCC_DYNAMIC_NO_PIC = NO;
				GCC_NO_COMMON_BLOCKS = YES;
				GCC_OPTIMIZATION_LEVEL = 0;
				GCC_PREPROCESSOR_DEFINITIONS = (
					"DEBUG=1",
					"$(inherited)",
				);
				GCC_WARN_64_TO_32_BIT_CONVERSION = YES;
				GCC_WARN_ABOUT_RETURN_TYPE = YES_ERROR;
				GCC_WARN_UNDECLARED_SELECTOR = YES;
				GCC_WARN_UNINITIALIZED_AUTOS = YES_AGGRESSIVE;
				GCC_WARN_UNUSED_FUNCTION = YES;
				GCC_WARN_UNUSED_VARIABLE = YES;
				MACOSX_DEPLOYMENT_TARGET = 10.12;
				MTL_ENABLE_DEBUG_INFO = YES;
				ONLY_ACTIVE_ARCH = YES;
				SDKROOT = macosx;
				SWIFT_OPTIMIZATION_LEVEL = "-Onone";
			};
			name = Debug;
		};
		DBDA3FBE1E7EC04300D88B6F /* Release */ = {
			isa = XCBuildConfiguration;
			buildSettings = {
				ALWAYS_SEARCH_USER_PATHS = NO;
				CLANG_ANALYZER_NONNULL = YES;
				CLANG_CXX_LANGUAGE_STANDARD = "gnu++0x";
				CLANG_CXX_LIBRARY = "libc++";
				CLANG_ENABLE_MODULES = YES;
				CLANG_ENABLE_OBJC_ARC = YES;
				CLANG_WARN_BOOL_CONVERSION = YES;
				CLANG_WARN_CONSTANT_CONVERSION = YES;
				CLANG_WARN_DIRECT_OBJC_ISA_USAGE = YES_ERROR;
				CLANG_WARN_DOCUMENTATION_COMMENTS = YES;
				CLANG_WARN_EMPTY_BODY = YES;
				CLANG_WARN_ENUM_CONVERSION = YES;
				CLANG_WARN_INFINITE_RECURSION = YES;
				CLANG_WARN_INT_CONVERSION = YES;
				CLANG_WARN_OBJC_ROOT_CLASS = YES_ERROR;
				CLANG_WARN_SUSPICIOUS_MOVE = YES;
				CLANG_WARN_UNREACHABLE_CODE = YES;
				CLANG_WARN__DUPLICATE_METHOD_MATCH = YES;
				CODE_SIGN_IDENTITY = "-";
				COPY_PHASE_STRIP = NO;
				DEBUG_INFORMATION_FORMAT = "dwarf-with-dsym";
				ENABLE_NS_ASSERTIONS = NO;
				ENABLE_STRICT_OBJC_MSGSEND = YES;
				GCC_C_LANGUAGE_STANDARD = gnu99;
				GCC_NO_COMMON_BLOCKS = YES;
				GCC_WARN_64_TO_32_BIT_CONVERSION = YES;
				GCC_WARN_ABOUT_RETURN_TYPE = YES_ERROR;
				GCC_WARN_UNDECLARED_SELECTOR = YES;
				GCC_WARN_UNINITIALIZED_AUTOS = YES_AGGRESSIVE;
				GCC_WARN_UNUSED_FUNCTION = YES;
				GCC_WARN_UNUSED_VARIABLE = YES;
				MACOSX_DEPLOYMENT_TARGET = 10.12;
				MTL_ENABLE_DEBUG_INFO = NO;
				SDKROOT = macosx;
			};
			name = Release;
		};
		DBDA3FC01E7EC04300D88B6F /* Debug */ = {
			isa = XCBuildConfiguration;
			buildSettings = {
				PRODUCT_NAME = "$(TARGET_NAME)";
				SWIFT_VERSION = 3.0;
			};
			name = Debug;
		};
		DBDA3FC11E7EC04300D88B6F /* Release */ = {
			isa = XCBuildConfiguration;
			buildSettings = {
				PRODUCT_NAME = "$(TARGET_NAME)";
				SWIFT_VERSION = 3.0;
			};
			name = Release;
		};
/* End XCBuildConfiguration section */

/* Begin XCConfigurationList section */
		DBDA3FB31E7EC04300D88B6F /* Build configuration list for PBXProject "pen" */ = {
			isa = XCConfigurationList;
			buildConfigurations = (
				DBDA3FBD1E7EC04300D88B6F /* Debug */,
				DBDA3FBE1E7EC04300D88B6F /* Release */,
			);
			defaultConfigurationIsVisible = 0;
			defaultConfigurationName = Release;
		};
		DBDA3FBF1E7EC04300D88B6F /* Build configuration list for PBXNativeTarget "pen" */ = {
			isa = XCConfigurationList;
			buildConfigurations = (
				DBDA3FC01E7EC04300D88B6F /* Debug */,
				DBDA3FC11E7EC04300D88B6F /* Release */,
			);
			defaultConfigurationIsVisible = 0;
		};
/* End XCConfigurationList section */
	};
	rootObject = DBDA3FB01E7EC04300D88B6F /* Project object */;
}
