// !$*UTF8*$!
{
	archiveVersion = 1;
	classes = {
	};
	objectVersion = 46;
	objects = {

/* Begin PBXBuildFile section */
		DB4D8D111E802D43001153BA /* AppDelegate.swift in Sources */ = {isa = PBXBuildFile; fileRef = DB4D8D101E802D43001153BA /* AppDelegate.swift */; };
		DB4D8D131E802D43001153BA /* ViewController.swift in Sources */ = {isa = PBXBuildFile; fileRef = DB4D8D121E802D43001153BA /* ViewController.swift */; };
		DB4D8D161E802D43001153BA /* Main.storyboard in Resources */ = {isa = PBXBuildFile; fileRef = DB4D8D141E802D43001153BA /* Main.storyboard */; };
		DB4D8D181E802D43001153BA /* Assets.xcassets in Resources */ = {isa = PBXBuildFile; fileRef = DB4D8D171E802D43001153BA /* Assets.xcassets */; };
		DB4D8D1B1E802D43001153BA /* LaunchScreen.storyboard in Resources */ = {isa = PBXBuildFile; fileRef = DB4D8D191E802D43001153BA /* LaunchScreen.storyboard */; };
		DB4D8D251E802D8B001153BA /* Beverage.swift in Sources */ = {isa = PBXBuildFile; fileRef = DB4D8D241E802D8B001153BA /* Beverage.swift */; };
		DB4D8D271E802DA8001153BA /* VendingMachine.swift in Sources */ = {isa = PBXBuildFile; fileRef = DB4D8D261E802DA8001153BA /* VendingMachine.swift */; };
/* End PBXBuildFile section */

/* Begin PBXFileReference section */
		DB4D8D0D1E802D43001153BA /* MyVending.app */ = {isa = PBXFileReference; explicitFileType = wrapper.application; includeInIndex = 0; path = MyVending.app; sourceTree = BUILT_PRODUCTS_DIR; };
		DB4D8D101E802D43001153BA /* AppDelegate.swift */ = {isa = PBXFileReference; lastKnownFileType = sourcecode.swift; path = AppDelegate.swift; sourceTree = "<group>"; };
		DB4D8D121E802D43001153BA /* ViewController.swift */ = {isa = PBXFileReference; lastKnownFileType = sourcecode.swift; path = ViewController.swift; sourceTree = "<group>"; };
		DB4D8D151E802D43001153BA /* Base */ = {isa = PBXFileReference; lastKnownFileType = file.storyboard; name = Base; path = Base.lproj/Main.storyboard; sourceTree = "<group>"; };
		DB4D8D171E802D43001153BA /* Assets.xcassets */ = {isa = PBXFileReference; lastKnownFileType = folder.assetcatalog; path = Assets.xcassets; sourceTree = "<group>"; };
		DB4D8D1A1E802D43001153BA /* Base */ = {isa = PBXFileReference; lastKnownFileType = file.storyboard; name = Base; path = Base.lproj/LaunchScreen.storyboard; sourceTree = "<group>"; };
		DB4D8D1C1E802D43001153BA /* Info.plist */ = {isa = PBXFileReference; lastKnownFileType = text.plist.xml; path = Info.plist; sourceTree = "<group>"; };
		DB4D8D241E802D8B001153BA /* Beverage.swift */ = {isa = PBXFileReference; fileEncoding = 4; lastKnownFileType = sourcecode.swift; path = Beverage.swift; sourceTree = "<group>"; };
		DB4D8D261E802DA8001153BA /* VendingMachine.swift */ = {isa = PBXFileReference; fileEncoding = 4; lastKnownFileType = sourcecode.swift; path = VendingMachine.swift; sourceTree = "<group>"; };
/* End PBXFileReference section */

/* Begin PBXFrameworksBuildPhase section */
		DB4D8D0A1E802D43001153BA /* Frameworks */ = {
			isa = PBXFrameworksBuildPhase;
			buildActionMask = 2147483647;
			files = (
			);
			runOnlyForDeploymentPostprocessing = 0;
		};
/* End PBXFrameworksBuildPhase section */

/* Begin PBXGroup section */
		DB4D8D041E802D43001153BA = {
			isa = PBXGroup;
			children = (
				DB4D8D0F1E802D43001153BA /* MyVending */,
				DB4D8D0E1E802D43001153BA /* Products */,
			);
			sourceTree = "<group>";
		};
		DB4D8D0E1E802D43001153BA /* Products */ = {
			isa = PBXGroup;
			children = (
				DB4D8D0D1E802D43001153BA /* MyVending.app */,
			);
			name = Products;
			sourceTree = "<group>";
		};
		DB4D8D0F1E802D43001153BA /* MyVending */ = {
			isa = PBXGroup;
			children = (
				DB4D8D101E802D43001153BA /* AppDelegate.swift */,
				DB4D8D121E802D43001153BA /* ViewController.swift */,
				DB4D8D141E802D43001153BA /* Main.storyboard */,
				DB4D8D171E802D43001153BA /* Assets.xcassets */,
				DB4D8D191E802D43001153BA /* LaunchScreen.storyboard */,
				DB4D8D1C1E802D43001153BA /* Info.plist */,
				DB4D8D241E802D8B001153BA /* Beverage.swift */,
				DB4D8D261E802DA8001153BA /* VendingMachine.swift */,
			);
			path = MyVending;
			sourceTree = "<group>";
		};
/* End PBXGroup section */

/* Begin PBXNativeTarget section */
		DB4D8D0C1E802D43001153BA /* MyVending */ = {
			isa = PBXNativeTarget;
			buildConfigurationList = DB4D8D1F1E802D43001153BA /* Build configuration list for PBXNativeTarget "MyVending" */;
			buildPhases = (
				DB4D8D091E802D43001153BA /* Sources */,
				DB4D8D0A1E802D43001153BA /* Frameworks */,
				DB4D8D0B1E802D43001153BA /* Resources */,
			);
			buildRules = (
			);
			dependencies = (
			);
			name = MyVending;
			productName = MyVending;
			productReference = DB4D8D0D1E802D43001153BA /* MyVending.app */;
			productType = "com.apple.product-type.application";
		};
/* End PBXNativeTarget section */

/* Begin PBXProject section */
		DB4D8D051E802D43001153BA /* Project object */ = {
			isa = PBXProject;
			attributes = {
				LastSwiftUpdateCheck = 0820;
				LastUpgradeCheck = 0820;
				ORGANIZATIONNAME = "Jun woo Park";
				TargetAttributes = {
					DB4D8D0C1E802D43001153BA = {
						CreatedOnToolsVersion = 8.2.1;
						ProvisioningStyle = Automatic;
					};
				};
			};
			buildConfigurationList = DB4D8D081E802D43001153BA /* Build configuration list for PBXProject "MyVending" */;
			compatibilityVersion = "Xcode 3.2";
			developmentRegion = English;
			hasScannedForEncodings = 0;
			knownRegions = (
				en,
				Base,
			);
			mainGroup = DB4D8D041E802D43001153BA;
			productRefGroup = DB4D8D0E1E802D43001153BA /* Products */;
			projectDirPath = "";
			projectRoot = "";
			targets = (
				DB4D8D0C1E802D43001153BA /* MyVending */,
			);
		};
/* End PBXProject section */

/* Begin PBXResourcesBuildPhase section */
		DB4D8D0B1E802D43001153BA /* Resources */ = {
			isa = PBXResourcesBuildPhase;
			buildActionMask = 2147483647;
			files = (
				DB4D8D1B1E802D43001153BA /* LaunchScreen.storyboard in Resources */,
				DB4D8D181E802D43001153BA /* Assets.xcassets in Resources */,
				DB4D8D161E802D43001153BA /* Main.storyboard in Resources */,
			);
			runOnlyForDeploymentPostprocessing = 0;
		};
/* End PBXResourcesBuildPhase section */

/* Begin PBXSourcesBuildPhase section */
		DB4D8D091E802D43001153BA /* Sources */ = {
			isa = PBXSourcesBuildPhase;
			buildActionMask = 2147483647;
			files = (
				DB4D8D251E802D8B001153BA /* Beverage.swift in Sources */,
				DB4D8D131E802D43001153BA /* ViewController.swift in Sources */,
				DB4D8D111E802D43001153BA /* AppDelegate.swift in Sources */,
				DB4D8D271E802DA8001153BA /* VendingMachine.swift in Sources */,
			);
			runOnlyForDeploymentPostprocessing = 0;
		};
/* End PBXSourcesBuildPhase section */

/* Begin PBXVariantGroup section */
		DB4D8D141E802D43001153BA /* Main.storyboard */ = {
			isa = PBXVariantGroup;
			children = (
				DB4D8D151E802D43001153BA /* Base */,
			);
			name = Main.storyboard;
			sourceTree = "<group>";
		};
		DB4D8D191E802D43001153BA /* LaunchScreen.storyboard */ = {
			isa = PBXVariantGroup;
			children = (
				DB4D8D1A1E802D43001153BA /* Base */,
			);
			name = LaunchScreen.storyboard;
			sourceTree = "<group>";
		};
/* End PBXVariantGroup section */

/* Begin XCBuildConfiguration section */
		DB4D8D1D1E802D43001153BA /* Debug */ = {
			isa = XCBuildConfiguration;
			buildSettings = {
				ALWAYS_SEARCH_USER_PATHS = NO;
				CLANG_ANALYZER_NONNULL = YES;
				CLANG_CXX_LANGUAGE_STANDARD = "gnu++0x";
				CLANG_CXX_LIBRARY = "libc++";
				CLANG_ENABLE_MODULES = YES;
				CLANG_ENABLE_OBJC_ARC = YES;
				CLANG_WARN_BOOL_CONVERSION = YES;
				CLANG_WARN_CONSTANT_CONVERSION = YES;
				CLANG_WARN_DIRECT_OBJC_ISA_USAGE = YES_ERROR;
				CLANG_WARN_DOCUMENTATION_COMMENTS = YES;
				CLANG_WARN_EMPTY_BODY = YES;
				CLANG_WARN_ENUM_CONVERSION = YES;
				CLANG_WARN_INFINITE_RECURSION = YES;
				CLANG_WARN_INT_CONVERSION = YES;
				CLANG_WARN_OBJC_ROOT_CLASS = YES_ERROR;
				CLANG_WARN_SUSPICIOUS_MOVE = YES;
				CLANG_WARN_UNREACHABLE_CODE = YES;
				CLANG_WARN__DUPLICATE_METHOD_MATCH = YES;
				"CODE_SIGN_IDENTITY[sdk=iphoneos*]" = "iPhone Developer";
				COPY_PHASE_STRIP = NO;
				DEBUG_INFORMATION_FORMAT = dwarf;
				ENABLE_STRICT_OBJC_MSGSEND = YES;
				ENABLE_TESTABILITY = YES;
				GCC_C_LANGUAGE_STANDARD = gnu99;
				GCC_DYNAMIC_NO_PIC = NO;
				GCC_NO_COMMON_BLOCKS = YES;
				GCC_OPTIMIZATION_LEVEL = 0;
				GCC_PREPROCESSOR_DEFINITIONS = (
					"DEBUG=1",
					"$(inherited)",
				);
				GCC_WARN_64_TO_32_BIT_CONVERSION = YES;
				GCC_WARN_ABOUT_RETURN_TYPE = YES_ERROR;
				GCC_WARN_UNDECLARED_SELECTOR = YES;
				GCC_WARN_UNINITIALIZED_AUTOS = YES_AGGRESSIVE;
				GCC_WARN_UNUSED_FUNCTION = YES;
				GCC_WARN_UNUSED_VARIABLE = YES;
				IPHONEOS_DEPLOYMENT_TARGET = 10.2;
				MTL_ENABLE_DEBUG_INFO = YES;
				ONLY_ACTIVE_ARCH = YES;
				SDKROOT = iphoneos;
				SWIFT_ACTIVE_COMPILATION_CONDITIONS = DEBUG;
				SWIFT_OPTIMIZATION_LEVEL = "-Onone";
			};
			name = Debug;
		};
		DB4D8D1E1E802D43001153BA /* Release */ = {
			isa = XCBuildConfiguration;
			buildSettings = {
				ALWAYS_SEARCH_USER_PATHS = NO;
				CLANG_ANALYZER_NONNULL = YES;
				CLANG_CXX_LANGUAGE_STANDARD = "gnu++0x";
				CLANG_CXX_LIBRARY = "libc++";
				CLANG_ENABLE_MODULES = YES;
				CLANG_ENABLE_OBJC_ARC = YES;
				CLANG_WARN_BOOL_CONVERSION = YES;
				CLANG_WARN_CONSTANT_CONVERSION = YES;
				CLANG_WARN_DIRECT_OBJC_ISA_USAGE = YES_ERROR;
				CLANG_WARN_DOCUMENTATION_COMMENTS = YES;
				CLANG_WARN_EMPTY_BODY = YES;
				CLANG_WARN_ENUM_CONVERSION = YES;
				CLANG_WARN_INFINITE_RECURSION = YES;
				CLANG_WARN_INT_CONVERSION = YES;
				CLANG_WARN_OBJC_ROOT_CLASS = YES_ERROR;
				CLANG_WARN_SUSPICIOUS_MOVE = YES;
				CLANG_WARN_UNREACHABLE_CODE = YES;
				CLANG_WARN__DUPLICATE_METHOD_MATCH = YES;
				"CODE_SIGN_IDENTITY[sdk=iphoneos*]" = "iPhone Developer";
				COPY_PHASE_STRIP = NO;
				DEBUG_INFORMATION_FORMAT = "dwarf-with-dsym";
				ENABLE_NS_ASSERTIONS = NO;
				ENABLE_STRICT_OBJC_MSGSEND = YES;
				GCC_C_LANGUAGE_STANDARD = gnu99;
				GCC_NO_COMMON_BLOCKS = YES;
				GCC_WARN_64_TO_32_BIT_CONVERSION = YES;
				GCC_WARN_ABOUT_RETURN_TYPE = YES_ERROR;
				GCC_WARN_UNDECLARED_SELECTOR = YES;
				GCC_WARN_UNINITIALIZED_AUTOS = YES_AGGRESSIVE;
				GCC_WARN_UNUSED_FUNCTION = YES;
				GCC_WARN_UNUSED_VARIABLE = YES;
				IPHONEOS_DEPLOYMENT_TARGET = 10.2;
				MTL_ENABLE_DEBUG_INFO = NO;
				SDKROOT = iphoneos;
				SWIFT_OPTIMIZATION_LEVEL = "-Owholemodule";
				VALIDATE_PRODUCT = YES;
			};
			name = Release;
		};
		DB4D8D201E802D43001153BA /* Debug */ = {
			isa = XCBuildConfiguration;
			buildSettings = {
				ASSETCATALOG_COMPILER_APPICON_NAME = AppIcon;
				INFOPLIST_FILE = MyVending/Info.plist;
				LD_RUNPATH_SEARCH_PATHS = "$(inherited) @executable_path/Frameworks";
				PRODUCT_BUNDLE_IDENTIFIER = codesquad.kr.MyVending;
				PRODUCT_NAME = "$(TARGET_NAME)";
				SWIFT_VERSION = 3.0;
			};
			name = Debug;
		};
		DB4D8D211E802D43001153BA /* Release */ = {
			isa = XCBuildConfiguration;
			buildSettings = {
				ASSETCATALOG_COMPILER_APPICON_NAME = AppIcon;
				INFOPLIST_FILE = MyVending/Info.plist;
				LD_RUNPATH_SEARCH_PATHS = "$(inherited) @executable_path/Frameworks";
				PRODUCT_BUNDLE_IDENTIFIER = codesquad.kr.MyVending;
				PRODUCT_NAME = "$(TARGET_NAME)";
				SWIFT_VERSION = 3.0;
			};
			name = Release;
		};
/* End XCBuildConfiguration section */

/* Begin XCConfigurationList section */
		DB4D8D081E802D43001153BA /* Build configuration list for PBXProject "MyVending" */ = {
			isa = XCConfigurationList;
			buildConfigurations = (
				DB4D8D1D1E802D43001153BA /* Debug */,
				DB4D8D1E1E802D43001153BA /* Release */,
			);
			defaultConfigurationIsVisible = 0;
			defaultConfigurationName = Release;
		};
		DB4D8D1F1E802D43001153BA /* Build configuration list for PBXNativeTarget "MyVending" */ = {
			isa = XCConfigurationList;
			buildConfigurations = (
				DB4D8D201E802D43001153BA /* Debug */,
				DB4D8D211E802D43001153BA /* Release */,
			);
			defaultConfigurationIsVisible = 0;
		};
/* End XCConfigurationList section */
	};
	rootObject = DB4D8D051E802D43001153BA /* Project object */;
}
